// !$*UTF8*$!
{
	archiveVersion = 1;
	classes = {
	};
	objectVersion = 46;
	objects = {

/* Begin PBXBuildFile section */
		8D11072A0486CEB800E47090 /* MainMenu.nib in Resources */ = {isa = PBXBuildFile; fileRef = 29B97318FDCFA39411CA2CEA /* MainMenu.nib */; };
		8D11072B0486CEB800E47090 /* InfoPlist.strings in Resources */ = {isa = PBXBuildFile; fileRef = 089C165CFE840E0CC02AAC07 /* InfoPlist.strings */; };
		8D11072D0486CEB800E47090 /* main.m in Sources */ = {isa = PBXBuildFile; fileRef = 29B97316FDCFA39411CA2CEA /* main.m */; settings = {ATTRIBUTES = (); }; };
		8D11072F0486CEB800E47090 /* Cocoa.framework in Frameworks */ = {isa = PBXBuildFile; fileRef = 1058C7A1FEA54F0111CA2CBB /* Cocoa.framework */; };
		F41532EC0B4227FE00E36D7B /* CreateActivityController.m in Sources */ = {isa = PBXBuildFile; fileRef = F41532EB0B4227FE00E36D7B /* CreateActivityController.m */; };
		F41A2463173085A9005BF9D5 /* ClientApp.m in Sources */ = {isa = PBXBuildFile; fileRef = F41A2462173085A9005BF9D5 /* ClientApp.m */; };
		F41A246617308C60005BF9D5 /* MailFactory.m in Sources */ = {isa = PBXBuildFile; fileRef = F41A246517308C60005BF9D5 /* MailFactory.m */; };
		F41A246917308C6C005BF9D5 /* OutlookFactory.m in Sources */ = {isa = PBXBuildFile; fileRef = F41A246817308C6C005BF9D5 /* OutlookFactory.m */; };
		F41A246C17308C76005BF9D5 /* EntourageFactory.m in Sources */ = {isa = PBXBuildFile; fileRef = F41A246B17308C76005BF9D5 /* EntourageFactory.m */; };
		F41A246F17308EF2005BF9D5 /* Factory.m in Sources */ = {isa = PBXBuildFile; fileRef = F41A246E17308EF2005BF9D5 /* Factory.m */; };
		F41A247117309059005BF9D5 /* ScriptingBridge.framework in Frameworks */ = {isa = PBXBuildFile; fileRef = F41A247017309059005BF9D5 /* ScriptingBridge.framework */; };
		F41A248B1731E554005BF9D5 /* Login.xib in Resources */ = {isa = PBXBuildFile; fileRef = F41A248A1731E554005BF9D5 /* Login.xib */; };
		F41A249A1731E6E0005BF9D5 /* zkAuthentication.m in Sources */ = {isa = PBXBuildFile; fileRef = F41A24911731E6E0005BF9D5 /* zkAuthentication.m */; };
		F41A249B1731E6E0005BF9D5 /* ZKDescribeTab.m in Sources */ = {isa = PBXBuildFile; fileRef = F41A24931731E6E0005BF9D5 /* ZKDescribeTab.m */; };
		F41A249C1731E6E0005BF9D5 /* ZKDescribeTabSetResult.m in Sources */ = {isa = PBXBuildFile; fileRef = F41A24951731E6E0005BF9D5 /* ZKDescribeTabSetResult.m */; };
		F41A249D1731E6E0005BF9D5 /* zkQueryResult+NSTableView.m in Sources */ = {isa = PBXBuildFile; fileRef = F41A24971731E6E0005BF9D5 /* zkQueryResult+NSTableView.m */; };
		F41A249E1731E6E0005BF9D5 /* zkSforceClient+zkAsyncQuery.m in Sources */ = {isa = PBXBuildFile; fileRef = F41A24991731E6E0005BF9D5 /* zkSforceClient+zkAsyncQuery.m */; };
		F41B85570B3CFB5200971C0B /* Email.m in Sources */ = {isa = PBXBuildFile; fileRef = F41B85560B3CFB5200971C0B /* Email.m */; };
		F41B85600B3CFE6400971C0B /* maildrop.sdef in Resources */ = {isa = PBXBuildFile; fileRef = F41B855F0B3CFE6400971C0B /* maildrop.sdef */; };
		F41B85630B3CFF0800971C0B /* AppDelegate.m in Sources */ = {isa = PBXBuildFile; fileRef = F41B85620B3CFF0800971C0B /* AppDelegate.m */; };
		F44421E00B5351A0002AB629 /* maildropGrowl.scpt in Resources */ = {isa = PBXBuildFile; fileRef = F44421DF0B5351A0002AB629 /* maildropGrowl.scpt */; };
		F4451E370EDBAE9700ABBC35 /* Attachment.m in Sources */ = {isa = PBXBuildFile; fileRef = F4451E360EDBAE9700ABBC35 /* Attachment.m */; };
		F4451EF20EDBC9DA00ABBC35 /* AsItem.m in Sources */ = {isa = PBXBuildFile; fileRef = F4451EF10EDBC9DA00ABBC35 /* AsItem.m */; };
		F450990D0B51A969007D82E9 /* Sparkle.framework in Frameworks */ = {isa = PBXBuildFile; fileRef = F450990C0B51A969007D82E9 /* Sparkle.framework */; };
		F45099260B51A993007D82E9 /* Sparkle.framework in CopyFiles */ = {isa = PBXBuildFile; fileRef = F450990C0B51A969007D82E9 /* Sparkle.framework */; };
		F459943A0B54A50D00EE154D /* SObjectPermsWrapper.m in Sources */ = {isa = PBXBuildFile; fileRef = F45994380B54A50D00EE154D /* SObjectPermsWrapper.m */; };
		F45F31E212939A3700BDCF61 /* outlook_icon.png in Resources */ = {isa = PBXBuildFile; fileRef = F45F31E112939A3700BDCF61 /* outlook_icon.png */; };
		F46C83890EC6429800944C77 /* ButtonBarController.m in Sources */ = {isa = PBXBuildFile; fileRef = F46C83880EC6429800944C77 /* ButtonBarController.m */; };
		F46C838D0EC64E3C00944C77 /* cases32.png in Resources */ = {isa = PBXBuildFile; fileRef = F46C838B0EC64E3C00944C77 /* cases32.png */; };
		F46C838E0EC64E3C00944C77 /* mail32.png in Resources */ = {isa = PBXBuildFile; fileRef = F46C838C0EC64E3C00944C77 /* mail32.png */; };
		F46C83AA0EC6777200944C77 /* Constants.m in Sources */ = {isa = PBXBuildFile; fileRef = F46C83A90EC6777200944C77 /* Constants.m */; };
		F46C83C40EC683BE00944C77 /* entourage.png in Resources */ = {isa = PBXBuildFile; fileRef = F46C83C20EC683BE00944C77 /* entourage.png */; };
		F46C83C50EC683BE00944C77 /* mail_icon.png in Resources */ = {isa = PBXBuildFile; fileRef = F46C83C30EC683BE00944C77 /* mail_icon.png */; };
		F46C83DA0EC77A1200944C77 /* maildrop32.png in Resources */ = {isa = PBXBuildFile; fileRef = F46C83D90EC77A1200944C77 /* maildrop32.png */; };
		F47E3521145906450017AD47 /* LionInfoWindowController.m in Sources */ = {isa = PBXBuildFile; fileRef = F47E3520145906450017AD47 /* LionInfoWindowController.m */; };
		F47E35B1145910420017AD47 /* Localizable.strings in Resources */ = {isa = PBXBuildFile; fileRef = F47E35B0145910420017AD47 /* Localizable.strings */; };
		F4844D3E1319E7DB00E1F303 /* zkBaseClient.m in Sources */ = {isa = PBXBuildFile; fileRef = F4844CFE1319E7DB00E1F303 /* zkBaseClient.m */; };
		F4844D3F1319E7DB00E1F303 /* zkChildRelationship.m in Sources */ = {isa = PBXBuildFile; fileRef = F4844D001319E7DB00E1F303 /* zkChildRelationship.m */; };
		F4844D401319E7DB00E1F303 /* zkDescribeField.m in Sources */ = {isa = PBXBuildFile; fileRef = F4844D021319E7DB00E1F303 /* zkDescribeField.m */; };
		F4844D411319E7DB00E1F303 /* zkDescribeGlobalSObject.m in Sources */ = {isa = PBXBuildFile; fileRef = F4844D041319E7DB00E1F303 /* zkDescribeGlobalSObject.m */; };
		F4844D421319E7DB00E1F303 /* ZKDescribeLayout.m in Sources */ = {isa = PBXBuildFile; fileRef = F4844D061319E7DB00E1F303 /* ZKDescribeLayout.m */; };
		F4844D431319E7DB00E1F303 /* ZKDescribeLayoutButton.m in Sources */ = {isa = PBXBuildFile; fileRef = F4844D081319E7DB00E1F303 /* ZKDescribeLayoutButton.m */; };
		F4844D441319E7DB00E1F303 /* ZKDescribeLayoutButtonSection.m in Sources */ = {isa = PBXBuildFile; fileRef = F4844D0A1319E7DB00E1F303 /* ZKDescribeLayoutButtonSection.m */; };
		F4844D451319E7DB00E1F303 /* ZKDescribeLayoutComponent.m in Sources */ = {isa = PBXBuildFile; fileRef = F4844D0C1319E7DB00E1F303 /* ZKDescribeLayoutComponent.m */; };
		F4844D461319E7DB00E1F303 /* ZKDescribeLayoutItem.m in Sources */ = {isa = PBXBuildFile; fileRef = F4844D0E1319E7DB00E1F303 /* ZKDescribeLayoutItem.m */; };
		F4844D471319E7DB00E1F303 /* ZKDescribeLayoutResult.m in Sources */ = {isa = PBXBuildFile; fileRef = F4844D101319E7DB00E1F303 /* ZKDescribeLayoutResult.m */; };
		F4844D481319E7DB00E1F303 /* ZKDescribeLayoutRow.m in Sources */ = {isa = PBXBuildFile; fileRef = F4844D121319E7DB00E1F303 /* ZKDescribeLayoutRow.m */; };
		F4844D491319E7DB00E1F303 /* ZKDescribeLayoutSection.m in Sources */ = {isa = PBXBuildFile; fileRef = F4844D141319E7DB00E1F303 /* ZKDescribeLayoutSection.m */; };
		F4844D4A1319E7DB00E1F303 /* zkDescribeSObject.m in Sources */ = {isa = PBXBuildFile; fileRef = F4844D161319E7DB00E1F303 /* zkDescribeSObject.m */; };
		F4844D4B1319E7DB00E1F303 /* zkEnvelope.m in Sources */ = {isa = PBXBuildFile; fileRef = F4844D181319E7DB00E1F303 /* zkEnvelope.m */; };
		F4844D4C1319E7DB00E1F303 /* zkLoginResult.m in Sources */ = {isa = PBXBuildFile; fileRef = F4844D1A1319E7DB00E1F303 /* zkLoginResult.m */; };
		F4844D4D1319E7DB00E1F303 /* zkParser.m in Sources */ = {isa = PBXBuildFile; fileRef = F4844D1C1319E7DB00E1F303 /* zkParser.m */; };
		F4844D4E1319E7DB00E1F303 /* ZKPartnerEnvelope.m in Sources */ = {isa = PBXBuildFile; fileRef = F4844D1E1319E7DB00E1F303 /* ZKPartnerEnvelope.m */; };
		F4844D4F1319E7DB00E1F303 /* ZKPicklistEntry.m in Sources */ = {isa = PBXBuildFile; fileRef = F4844D201319E7DB00E1F303 /* ZKPicklistEntry.m */; };
		F4844D501319E7DB00E1F303 /* ZKPicklistForRecordType.m in Sources */ = {isa = PBXBuildFile; fileRef = F4844D221319E7DB00E1F303 /* ZKPicklistForRecordType.m */; };
		F4844D521319E7DB00E1F303 /* zkQueryResult.m in Sources */ = {isa = PBXBuildFile; fileRef = F4844D261319E7DB00E1F303 /* zkQueryResult.m */; };
		F4844D531319E7DB00E1F303 /* ZKRecordTypeInfo.m in Sources */ = {isa = PBXBuildFile; fileRef = F4844D281319E7DB00E1F303 /* ZKRecordTypeInfo.m */; };
		F4844D541319E7DB00E1F303 /* ZKRecordTypeMapping.m in Sources */ = {isa = PBXBuildFile; fileRef = F4844D2A1319E7DB00E1F303 /* ZKRecordTypeMapping.m */; };
		F4844D551319E7DB00E1F303 /* ZKRelatedList.m in Sources */ = {isa = PBXBuildFile; fileRef = F4844D2C1319E7DB00E1F303 /* ZKRelatedList.m */; };
		F4844D561319E7DB00E1F303 /* ZKRelatedListColumn.m in Sources */ = {isa = PBXBuildFile; fileRef = F4844D2E1319E7DB00E1F303 /* ZKRelatedListColumn.m */; };
		F4844D571319E7DB00E1F303 /* ZKRelatedListSort.m in Sources */ = {isa = PBXBuildFile; fileRef = F4844D301319E7DB00E1F303 /* ZKRelatedListSort.m */; };
		F4844D581319E7DB00E1F303 /* zkSaveResult.m in Sources */ = {isa = PBXBuildFile; fileRef = F4844D321319E7DB00E1F303 /* zkSaveResult.m */; };
		F4844D591319E7DB00E1F303 /* zkSforceClient.m in Sources */ = {isa = PBXBuildFile; fileRef = F4844D351319E7DB00E1F303 /* zkSforceClient.m */; };
		F4844D5A1319E7DB00E1F303 /* zkSoapException.m in Sources */ = {isa = PBXBuildFile; fileRef = F4844D371319E7DB00E1F303 /* zkSoapException.m */; };
		F4844D5B1319E7DB00E1F303 /* zkSObject.m in Sources */ = {isa = PBXBuildFile; fileRef = F4844D391319E7DB00E1F303 /* zkSObject.m */; };
		F4844D5C1319E7DB00E1F303 /* zkUserInfo.m in Sources */ = {isa = PBXBuildFile; fileRef = F4844D3B1319E7DB00E1F303 /* zkUserInfo.m */; };
		F4844D5D1319E7DB00E1F303 /* zkXmlDeserializer.m in Sources */ = {isa = PBXBuildFile; fileRef = F4844D3D1319E7DB00E1F303 /* zkXmlDeserializer.m */; };
		F48F5BCA12B9D2D1002B9E3F /* WhoWhat.m in Sources */ = {isa = PBXBuildFile; fileRef = F48F5BC912B9D2D1002B9E3F /* WhoWhat.m */; };
		F49210690B44CED100C5C9AB /* WhatSearchDataSource.m in Sources */ = {isa = PBXBuildFile; fileRef = F49210680B44CED100C5C9AB /* WhatSearchDataSource.m */; };
		F49210760B44D0D500C5C9AB /* ZKDescribeSObject_additions.m in Sources */ = {isa = PBXBuildFile; fileRef = F49210750B44D0D500C5C9AB /* ZKDescribeSObject_additions.m */; };
		F4921CFC0EDFA52E00E95E03 /* NSData-Base64Extensions.m in Sources */ = {isa = PBXBuildFile; fileRef = F4921CFB0EDFA52E00E95E03 /* NSData-Base64Extensions.m */; };
		F4A0E541127C9AF60038B1CE /* libxml2.2.dylib in Frameworks */ = {isa = PBXBuildFile; fileRef = F4A0E540127C9AF60038B1CE /* libxml2.2.dylib */; };
		F4DBCAF70B3DC0C700D94639 /* LoginController.m in Sources */ = {isa = PBXBuildFile; fileRef = F4DBCAF50B3DC0C700D94639 /* LoginController.m */; };
		F4DBCB0D0B3DC4F000D94639 /* Security.framework in Frameworks */ = {isa = PBXBuildFile; fileRef = F4DBCB0C0B3DC4F000D94639 /* Security.framework */; };
		F4DBCB390B3E259400D94639 /* Credits.html in Resources */ = {isa = PBXBuildFile; fileRef = F4DBCB380B3E259400D94639 /* Credits.html */; };
		F4DBCB600B3E3A2600D94639 /* maildrop.icns in Resources */ = {isa = PBXBuildFile; fileRef = F4DBCB5F0B3E3A2600D94639 /* maildrop.icns */; };
		F4E83C370B8EAE4700217FDB /* credential.m in Sources */ = {isa = PBXBuildFile; fileRef = F4E83C330B8EAE4600217FDB /* credential.m */; };
		F4E83C390B8EAE4700217FDB /* ZKLoginController.m in Sources */ = {isa = PBXBuildFile; fileRef = F4E83C350B8EAE4600217FDB /* ZKLoginController.m */; };
		F4F87CFC0B4E1FDF006F6B63 /* WelcomeController.m in Sources */ = {isa = PBXBuildFile; fileRef = F4F87CFB0B4E1FDF006F6B63 /* WelcomeController.m */; };
/* End PBXBuildFile section */

/* Begin PBXCopyFilesBuildPhase section */
		F45099210B51A97C007D82E9 /* CopyFiles */ = {
			isa = PBXCopyFilesBuildPhase;
			buildActionMask = 2147483647;
			dstPath = "";
			dstSubfolderSpec = 10;
			files = (
				F45099260B51A993007D82E9 /* Sparkle.framework in CopyFiles */,
			);
			runOnlyForDeploymentPostprocessing = 0;
		};
/* End PBXCopyFilesBuildPhase section */

/* Begin PBXFileReference section */
		089C165DFE840E0CC02AAC07 /* English */ = {isa = PBXFileReference; fileEncoding = 10; lastKnownFileType = text.plist.strings; name = English; path = English.lproj/InfoPlist.strings; sourceTree = "<group>"; };
		1058C7A1FEA54F0111CA2CBB /* Cocoa.framework */ = {isa = PBXFileReference; lastKnownFileType = wrapper.framework; name = Cocoa.framework; path = /System/Library/Frameworks/Cocoa.framework; sourceTree = "<absolute>"; };
		13E42FB307B3F0F600E4EEF1 /* CoreData.framework */ = {isa = PBXFileReference; lastKnownFileType = wrapper.framework; name = CoreData.framework; path = /System/Library/Frameworks/CoreData.framework; sourceTree = "<absolute>"; };
		29B97316FDCFA39411CA2CEA /* main.m */ = {isa = PBXFileReference; fileEncoding = 4; lastKnownFileType = sourcecode.c.objc; path = main.m; sourceTree = "<group>"; };
		29B97319FDCFA39411CA2CEA /* English */ = {isa = PBXFileReference; lastKnownFileType = wrapper.nib; name = English; path = English.lproj/MainMenu.nib; sourceTree = "<group>"; };
		29B97324FDCFA39411CA2CEA /* AppKit.framework */ = {isa = PBXFileReference; lastKnownFileType = wrapper.framework; name = AppKit.framework; path = /System/Library/Frameworks/AppKit.framework; sourceTree = "<absolute>"; };
		29B97325FDCFA39411CA2CEA /* Foundation.framework */ = {isa = PBXFileReference; lastKnownFileType = wrapper.framework; name = Foundation.framework; path = /System/Library/Frameworks/Foundation.framework; sourceTree = "<absolute>"; };
		32CA4F630368D1EE00C91783 /* maildrop_Prefix.pch */ = {isa = PBXFileReference; fileEncoding = 4; lastKnownFileType = sourcecode.c.h; path = maildrop_Prefix.pch; sourceTree = "<group>"; };
		8D1107310486CEB800E47090 /* Info.plist */ = {isa = PBXFileReference; fileEncoding = 4; lastKnownFileType = text.plist; path = Info.plist; sourceTree = "<group>"; };
		8D1107320486CEB800E47090 /* Maildrop.app */ = {isa = PBXFileReference; explicitFileType = wrapper.application; includeInIndex = 0; path = Maildrop.app; sourceTree = BUILT_PRODUCTS_DIR; };
		F41532EA0B4227FE00E36D7B /* CreateActivityController.h */ = {isa = PBXFileReference; fileEncoding = 30; lastKnownFileType = sourcecode.c.h; path = CreateActivityController.h; sourceTree = "<group>"; };
		F41532EB0B4227FE00E36D7B /* CreateActivityController.m */ = {isa = PBXFileReference; fileEncoding = 30; lastKnownFileType = sourcecode.c.objc; path = CreateActivityController.m; sourceTree = "<group>"; };
		F41A245E17308458005BF9D5 /* entourage.h */ = {isa = PBXFileReference; fileEncoding = 4; lastKnownFileType = sourcecode.c.h; name = entourage.h; path = ../scriptingbridge/entourage.h; sourceTree = "<group>"; };
		F41A245F17308458005BF9D5 /* mail.h */ = {isa = PBXFileReference; fileEncoding = 4; lastKnownFileType = sourcecode.c.h; name = mail.h; path = ../scriptingbridge/mail.h; sourceTree = "<group>"; };
		F41A246017308458005BF9D5 /* outlook.h */ = {isa = PBXFileReference; fileEncoding = 4; lastKnownFileType = sourcecode.c.h; name = outlook.h; path = ../scriptingbridge/outlook.h; sourceTree = "<group>"; };
		F41A2461173085A9005BF9D5 /* ClientApp.h */ = {isa = PBXFileReference; fileEncoding = 4; lastKnownFileType = sourcecode.c.h; path = ClientApp.h; sourceTree = "<group>"; };
		F41A2462173085A9005BF9D5 /* ClientApp.m */ = {isa = PBXFileReference; fileEncoding = 4; lastKnownFileType = sourcecode.c.objc; path = ClientApp.m; sourceTree = "<group>"; };
		F41A246417308C60005BF9D5 /* MailFactory.h */ = {isa = PBXFileReference; fileEncoding = 4; lastKnownFileType = sourcecode.c.h; path = MailFactory.h; sourceTree = "<group>"; };
		F41A246517308C60005BF9D5 /* MailFactory.m */ = {isa = PBXFileReference; fileEncoding = 4; lastKnownFileType = sourcecode.c.objc; path = MailFactory.m; sourceTree = "<group>"; };
		F41A246717308C6C005BF9D5 /* OutlookFactory.h */ = {isa = PBXFileReference; fileEncoding = 4; lastKnownFileType = sourcecode.c.h; path = OutlookFactory.h; sourceTree = "<group>"; };
		F41A246817308C6C005BF9D5 /* OutlookFactory.m */ = {isa = PBXFileReference; fileEncoding = 4; lastKnownFileType = sourcecode.c.objc; path = OutlookFactory.m; sourceTree = "<group>"; };
		F41A246A17308C76005BF9D5 /* EntourageFactory.h */ = {isa = PBXFileReference; fileEncoding = 4; lastKnownFileType = sourcecode.c.h; path = EntourageFactory.h; sourceTree = "<group>"; };
		F41A246B17308C76005BF9D5 /* EntourageFactory.m */ = {isa = PBXFileReference; fileEncoding = 4; lastKnownFileType = sourcecode.c.objc; path = EntourageFactory.m; sourceTree = "<group>"; };
		F41A246D17308EF2005BF9D5 /* Factory.h */ = {isa = PBXFileReference; fileEncoding = 4; lastKnownFileType = sourcecode.c.h; path = Factory.h; sourceTree = "<group>"; };
		F41A246E17308EF2005BF9D5 /* Factory.m */ = {isa = PBXFileReference; fileEncoding = 4; lastKnownFileType = sourcecode.c.objc; path = Factory.m; sourceTree = "<group>"; };
		F41A247017309059005BF9D5 /* ScriptingBridge.framework */ = {isa = PBXFileReference; lastKnownFileType = wrapper.framework; name = ScriptingBridge.framework; path = System/Library/Frameworks/ScriptingBridge.framework; sourceTree = SDKROOT; };
		F41A248A1731E554005BF9D5 /* Login.xib */ = {isa = PBXFileReference; fileEncoding = 4; lastKnownFileType = file.xib; name = Login.xib; path = ../common/Login.xib; sourceTree = "<group>"; };
		F41A24901731E6E0005BF9D5 /* zkAuthentication.h */ = {isa = PBXFileReference; fileEncoding = 4; lastKnownFileType = sourcecode.c.h; name = zkAuthentication.h; path = ../zksforce/zkSforce/zkAuthentication.h; sourceTree = "<group>"; };
		F41A24911731E6E0005BF9D5 /* zkAuthentication.m */ = {isa = PBXFileReference; fileEncoding = 4; lastKnownFileType = sourcecode.c.objc; name = zkAuthentication.m; path = ../zksforce/zkSforce/zkAuthentication.m; sourceTree = "<group>"; };
		F41A24921731E6E0005BF9D5 /* ZKDescribeTab.h */ = {isa = PBXFileReference; fileEncoding = 4; lastKnownFileType = sourcecode.c.h; name = ZKDescribeTab.h; path = ../zksforce/zkSforce/ZKDescribeTab.h; sourceTree = "<group>"; };
		F41A24931731E6E0005BF9D5 /* ZKDescribeTab.m */ = {isa = PBXFileReference; fileEncoding = 4; lastKnownFileType = sourcecode.c.objc; name = ZKDescribeTab.m; path = ../zksforce/zkSforce/ZKDescribeTab.m; sourceTree = "<group>"; };
		F41A24941731E6E0005BF9D5 /* ZKDescribeTabSetResult.h */ = {isa = PBXFileReference; fileEncoding = 4; lastKnownFileType = sourcecode.c.h; name = ZKDescribeTabSetResult.h; path = ../zksforce/zkSforce/ZKDescribeTabSetResult.h; sourceTree = "<group>"; };
		F41A24951731E6E0005BF9D5 /* ZKDescribeTabSetResult.m */ = {isa = PBXFileReference; fileEncoding = 4; lastKnownFileType = sourcecode.c.objc; name = ZKDescribeTabSetResult.m; path = ../zksforce/zkSforce/ZKDescribeTabSetResult.m; sourceTree = "<group>"; };
		F41A24961731E6E0005BF9D5 /* zkQueryResult+NSTableView.h */ = {isa = PBXFileReference; fileEncoding = 4; lastKnownFileType = sourcecode.c.h; name = "zkQueryResult+NSTableView.h"; path = "../zksforce/zkSforce/zkQueryResult+NSTableView.h"; sourceTree = "<group>"; };
		F41A24971731E6E0005BF9D5 /* zkQueryResult+NSTableView.m */ = {isa = PBXFileReference; fileEncoding = 4; lastKnownFileType = sourcecode.c.objc; name = "zkQueryResult+NSTableView.m"; path = "../zksforce/zkSforce/zkQueryResult+NSTableView.m"; sourceTree = "<group>"; };
		F41A24981731E6E0005BF9D5 /* zkSforceClient+zkAsyncQuery.h */ = {isa = PBXFileReference; fileEncoding = 4; lastKnownFileType = sourcecode.c.h; name = "zkSforceClient+zkAsyncQuery.h"; path = "../zksforce/zkSforce/zkSforceClient+zkAsyncQuery.h"; sourceTree = "<group>"; };
		F41A24991731E6E0005BF9D5 /* zkSforceClient+zkAsyncQuery.m */ = {isa = PBXFileReference; fileEncoding = 4; lastKnownFileType = sourcecode.c.objc; name = "zkSforceClient+zkAsyncQuery.m"; path = "../zksforce/zkSforce/zkSforceClient+zkAsyncQuery.m"; sourceTree = "<group>"; };
		F41B85550B3CFB5200971C0B /* Email.h */ = {isa = PBXFileReference; fileEncoding = 4; lastKnownFileType = sourcecode.c.h; path = Email.h; sourceTree = "<group>"; };
		F41B85560B3CFB5200971C0B /* Email.m */ = {isa = PBXFileReference; fileEncoding = 4; lastKnownFileType = sourcecode.c.objc; path = Email.m; sourceTree = "<group>"; };
		F41B855F0B3CFE6400971C0B /* maildrop.sdef */ = {isa = PBXFileReference; fileEncoding = 30; lastKnownFileType = text.sdef; path = maildrop.sdef; sourceTree = "<group>"; };
		F41B85610B3CFF0800971C0B /* AppDelegate.h */ = {isa = PBXFileReference; fileEncoding = 4; lastKnownFileType = sourcecode.c.h; path = AppDelegate.h; sourceTree = "<group>"; };
		F41B85620B3CFF0800971C0B /* AppDelegate.m */ = {isa = PBXFileReference; fileEncoding = 4; lastKnownFileType = sourcecode.c.objc; path = AppDelegate.m; sourceTree = "<group>"; };
		F44421DF0B5351A0002AB629 /* maildropGrowl.scpt */ = {isa = PBXFileReference; fileEncoding = 30; lastKnownFileType = sourcecode.scpt; path = maildropGrowl.scpt; sourceTree = "<group>"; };
		F4451E350EDBAE9700ABBC35 /* Attachment.h */ = {isa = PBXFileReference; fileEncoding = 4; lastKnownFileType = sourcecode.c.h; path = Attachment.h; sourceTree = "<group>"; };
		F4451E360EDBAE9700ABBC35 /* Attachment.m */ = {isa = PBXFileReference; fileEncoding = 4; lastKnownFileType = sourcecode.c.objc; path = Attachment.m; sourceTree = "<group>"; };
		F4451EF00EDBC9DA00ABBC35 /* AsItem.h */ = {isa = PBXFileReference; fileEncoding = 4; lastKnownFileType = sourcecode.c.h; path = AsItem.h; sourceTree = "<group>"; };
		F4451EF10EDBC9DA00ABBC35 /* AsItem.m */ = {isa = PBXFileReference; fileEncoding = 4; lastKnownFileType = sourcecode.c.objc; path = AsItem.m; sourceTree = "<group>"; };
		F450990C0B51A969007D82E9 /* Sparkle.framework */ = {isa = PBXFileReference; lastKnownFileType = wrapper.framework; path = Sparkle.framework; sourceTree = "<group>"; };
		F45994370B54A50C00EE154D /* SObjectPermsWrapper.h */ = {isa = PBXFileReference; fileEncoding = 4; lastKnownFileType = sourcecode.c.h; path = SObjectPermsWrapper.h; sourceTree = "<group>"; };
		F45994380B54A50D00EE154D /* SObjectPermsWrapper.m */ = {isa = PBXFileReference; fileEncoding = 4; lastKnownFileType = sourcecode.c.objc; path = SObjectPermsWrapper.m; sourceTree = "<group>"; };
		F45F31E112939A3700BDCF61 /* outlook_icon.png */ = {isa = PBXFileReference; lastKnownFileType = image.png; path = outlook_icon.png; sourceTree = "<group>"; };
		F46C83870EC6429800944C77 /* ButtonBarController.h */ = {isa = PBXFileReference; fileEncoding = 4; lastKnownFileType = sourcecode.c.h; path = ButtonBarController.h; sourceTree = "<group>"; };
		F46C83880EC6429800944C77 /* ButtonBarController.m */ = {isa = PBXFileReference; fileEncoding = 4; lastKnownFileType = sourcecode.c.objc; path = ButtonBarController.m; sourceTree = "<group>"; };
		F46C838B0EC64E3C00944C77 /* cases32.png */ = {isa = PBXFileReference; lastKnownFileType = image.png; path = cases32.png; sourceTree = "<group>"; };
		F46C838C0EC64E3C00944C77 /* mail32.png */ = {isa = PBXFileReference; lastKnownFileType = image.png; path = mail32.png; sourceTree = "<group>"; };
		F46C83A80EC6777200944C77 /* Constants.h */ = {isa = PBXFileReference; fileEncoding = 4; lastKnownFileType = sourcecode.c.h; path = Constants.h; sourceTree = "<group>"; };
		F46C83A90EC6777200944C77 /* Constants.m */ = {isa = PBXFileReference; fileEncoding = 4; lastKnownFileType = sourcecode.c.objc; path = Constants.m; sourceTree = "<group>"; };
		F46C83C20EC683BE00944C77 /* entourage.png */ = {isa = PBXFileReference; lastKnownFileType = image.png; path = entourage.png; sourceTree = "<group>"; };
		F46C83C30EC683BE00944C77 /* mail_icon.png */ = {isa = PBXFileReference; lastKnownFileType = image.png; path = mail_icon.png; sourceTree = "<group>"; };
		F46C83D90EC77A1200944C77 /* maildrop32.png */ = {isa = PBXFileReference; lastKnownFileType = image.png; path = maildrop32.png; sourceTree = "<group>"; };
		F47E351F145906450017AD47 /* LionInfoWindowController.h */ = {isa = PBXFileReference; fileEncoding = 4; lastKnownFileType = sourcecode.c.h; path = LionInfoWindowController.h; sourceTree = "<group>"; };
		F47E3520145906450017AD47 /* LionInfoWindowController.m */ = {isa = PBXFileReference; fileEncoding = 4; lastKnownFileType = sourcecode.c.objc; path = LionInfoWindowController.m; sourceTree = "<group>"; };
		F47E35AE1459103D0017AD47 /* English */ = {isa = PBXFileReference; fileEncoding = 10; lastKnownFileType = text.plist.strings; name = English; path = English.lproj/Localizable.strings; sourceTree = "<group>"; };
		F4844CFD1319E7DB00E1F303 /* zkBaseClient.h */ = {isa = PBXFileReference; fileEncoding = 4; lastKnownFileType = sourcecode.c.h; name = zkBaseClient.h; path = ../zksforce/zkSforce/zkBaseClient.h; sourceTree = SOURCE_ROOT; };
		F4844CFE1319E7DB00E1F303 /* zkBaseClient.m */ = {isa = PBXFileReference; fileEncoding = 4; lastKnownFileType = sourcecode.c.objc; name = zkBaseClient.m; path = ../zksforce/zkSforce/zkBaseClient.m; sourceTree = SOURCE_ROOT; };
		F4844CFF1319E7DB00E1F303 /* zkChildRelationship.h */ = {isa = PBXFileReference; fileEncoding = 4; lastKnownFileType = sourcecode.c.h; name = zkChildRelationship.h; path = ../zksforce/zkSforce/zkChildRelationship.h; sourceTree = SOURCE_ROOT; };
		F4844D001319E7DB00E1F303 /* zkChildRelationship.m */ = {isa = PBXFileReference; fileEncoding = 4; lastKnownFileType = sourcecode.c.objc; name = zkChildRelationship.m; path = ../zksforce/zkSforce/zkChildRelationship.m; sourceTree = SOURCE_ROOT; };
		F4844D011319E7DB00E1F303 /* zkDescribeField.h */ = {isa = PBXFileReference; fileEncoding = 4; lastKnownFileType = sourcecode.c.h; name = zkDescribeField.h; path = ../zksforce/zkSforce/zkDescribeField.h; sourceTree = SOURCE_ROOT; };
		F4844D021319E7DB00E1F303 /* zkDescribeField.m */ = {isa = PBXFileReference; fileEncoding = 4; lastKnownFileType = sourcecode.c.objc; name = zkDescribeField.m; path = ../zksforce/zkSforce/zkDescribeField.m; sourceTree = SOURCE_ROOT; };
		F4844D031319E7DB00E1F303 /* zkDescribeGlobalSObject.h */ = {isa = PBXFileReference; fileEncoding = 4; lastKnownFileType = sourcecode.c.h; name = zkDescribeGlobalSObject.h; path = ../zksforce/zkSforce/zkDescribeGlobalSObject.h; sourceTree = SOURCE_ROOT; };
		F4844D041319E7DB00E1F303 /* zkDescribeGlobalSObject.m */ = {isa = PBXFileReference; fileEncoding = 4; lastKnownFileType = sourcecode.c.objc; name = zkDescribeGlobalSObject.m; path = ../zksforce/zkSforce/zkDescribeGlobalSObject.m; sourceTree = SOURCE_ROOT; };
		F4844D051319E7DB00E1F303 /* ZKDescribeLayout.h */ = {isa = PBXFileReference; fileEncoding = 4; lastKnownFileType = sourcecode.c.h; name = ZKDescribeLayout.h; path = ../zksforce/zkSforce/ZKDescribeLayout.h; sourceTree = SOURCE_ROOT; };
		F4844D061319E7DB00E1F303 /* ZKDescribeLayout.m */ = {isa = PBXFileReference; fileEncoding = 4; lastKnownFileType = sourcecode.c.objc; name = ZKDescribeLayout.m; path = ../zksforce/zkSforce/ZKDescribeLayout.m; sourceTree = SOURCE_ROOT; };
		F4844D071319E7DB00E1F303 /* ZKDescribeLayoutButton.h */ = {isa = PBXFileReference; fileEncoding = 4; lastKnownFileType = sourcecode.c.h; name = ZKDescribeLayoutButton.h; path = ../zksforce/zkSforce/ZKDescribeLayoutButton.h; sourceTree = SOURCE_ROOT; };
		F4844D081319E7DB00E1F303 /* ZKDescribeLayoutButton.m */ = {isa = PBXFileReference; fileEncoding = 4; lastKnownFileType = sourcecode.c.objc; name = ZKDescribeLayoutButton.m; path = ../zksforce/zkSforce/ZKDescribeLayoutButton.m; sourceTree = SOURCE_ROOT; };
		F4844D091319E7DB00E1F303 /* ZKDescribeLayoutButtonSection.h */ = {isa = PBXFileReference; fileEncoding = 4; lastKnownFileType = sourcecode.c.h; name = ZKDescribeLayoutButtonSection.h; path = ../zksforce/zkSforce/ZKDescribeLayoutButtonSection.h; sourceTree = SOURCE_ROOT; };
		F4844D0A1319E7DB00E1F303 /* ZKDescribeLayoutButtonSection.m */ = {isa = PBXFileReference; fileEncoding = 4; lastKnownFileType = sourcecode.c.objc; name = ZKDescribeLayoutButtonSection.m; path = ../zksforce/zkSforce/ZKDescribeLayoutButtonSection.m; sourceTree = SOURCE_ROOT; };
		F4844D0B1319E7DB00E1F303 /* ZKDescribeLayoutComponent.h */ = {isa = PBXFileReference; fileEncoding = 4; lastKnownFileType = sourcecode.c.h; name = ZKDescribeLayoutComponent.h; path = ../zksforce/zkSforce/ZKDescribeLayoutComponent.h; sourceTree = SOURCE_ROOT; };
		F4844D0C1319E7DB00E1F303 /* ZKDescribeLayoutComponent.m */ = {isa = PBXFileReference; fileEncoding = 4; lastKnownFileType = sourcecode.c.objc; name = ZKDescribeLayoutComponent.m; path = ../zksforce/zkSforce/ZKDescribeLayoutComponent.m; sourceTree = SOURCE_ROOT; };
		F4844D0D1319E7DB00E1F303 /* ZKDescribeLayoutItem.h */ = {isa = PBXFileReference; fileEncoding = 4; lastKnownFileType = sourcecode.c.h; name = ZKDescribeLayoutItem.h; path = ../zksforce/zkSforce/ZKDescribeLayoutItem.h; sourceTree = SOURCE_ROOT; };
		F4844D0E1319E7DB00E1F303 /* ZKDescribeLayoutItem.m */ = {isa = PBXFileReference; fileEncoding = 4; lastKnownFileType = sourcecode.c.objc; name = ZKDescribeLayoutItem.m; path = ../zksforce/zkSforce/ZKDescribeLayoutItem.m; sourceTree = SOURCE_ROOT; };
		F4844D0F1319E7DB00E1F303 /* ZKDescribeLayoutResult.h */ = {isa = PBXFileReference; fileEncoding = 4; lastKnownFileType = sourcecode.c.h; name = ZKDescribeLayoutResult.h; path = ../zksforce/zkSforce/ZKDescribeLayoutResult.h; sourceTree = SOURCE_ROOT; };
		F4844D101319E7DB00E1F303 /* ZKDescribeLayoutResult.m */ = {isa = PBXFileReference; fileEncoding = 4; lastKnownFileType = sourcecode.c.objc; name = ZKDescribeLayoutResult.m; path = ../zksforce/zkSforce/ZKDescribeLayoutResult.m; sourceTree = SOURCE_ROOT; };
		F4844D111319E7DB00E1F303 /* ZKDescribeLayoutRow.h */ = {isa = PBXFileReference; fileEncoding = 4; lastKnownFileType = sourcecode.c.h; name = ZKDescribeLayoutRow.h; path = ../zksforce/zkSforce/ZKDescribeLayoutRow.h; sourceTree = SOURCE_ROOT; };
		F4844D121319E7DB00E1F303 /* ZKDescribeLayoutRow.m */ = {isa = PBXFileReference; fileEncoding = 4; lastKnownFileType = sourcecode.c.objc; name = ZKDescribeLayoutRow.m; path = ../zksforce/zkSforce/ZKDescribeLayoutRow.m; sourceTree = SOURCE_ROOT; };
		F4844D131319E7DB00E1F303 /* ZKDescribeLayoutSection.h */ = {isa = PBXFileReference; fileEncoding = 4; lastKnownFileType = sourcecode.c.h; name = ZKDescribeLayoutSection.h; path = ../zksforce/zkSforce/ZKDescribeLayoutSection.h; sourceTree = SOURCE_ROOT; };
		F4844D141319E7DB00E1F303 /* ZKDescribeLayoutSection.m */ = {isa = PBXFileReference; fileEncoding = 4; lastKnownFileType = sourcecode.c.objc; name = ZKDescribeLayoutSection.m; path = ../zksforce/zkSforce/ZKDescribeLayoutSection.m; sourceTree = SOURCE_ROOT; };
		F4844D151319E7DB00E1F303 /* zkDescribeSObject.h */ = {isa = PBXFileReference; fileEncoding = 4; lastKnownFileType = sourcecode.c.h; name = zkDescribeSObject.h; path = ../zksforce/zkSforce/zkDescribeSObject.h; sourceTree = SOURCE_ROOT; };
		F4844D161319E7DB00E1F303 /* zkDescribeSObject.m */ = {isa = PBXFileReference; fileEncoding = 4; lastKnownFileType = sourcecode.c.objc; name = zkDescribeSObject.m; path = ../zksforce/zkSforce/zkDescribeSObject.m; sourceTree = SOURCE_ROOT; };
		F4844D171319E7DB00E1F303 /* zkEnvelope.h */ = {isa = PBXFileReference; fileEncoding = 4; lastKnownFileType = sourcecode.c.h; name = zkEnvelope.h; path = ../zksforce/zkSforce/zkEnvelope.h; sourceTree = SOURCE_ROOT; };
		F4844D181319E7DB00E1F303 /* zkEnvelope.m */ = {isa = PBXFileReference; fileEncoding = 4; lastKnownFileType = sourcecode.c.objc; name = zkEnvelope.m; path = ../zksforce/zkSforce/zkEnvelope.m; sourceTree = SOURCE_ROOT; };
		F4844D191319E7DB00E1F303 /* zkLoginResult.h */ = {isa = PBXFileReference; fileEncoding = 4; lastKnownFileType = sourcecode.c.h; name = zkLoginResult.h; path = ../zksforce/zkSforce/zkLoginResult.h; sourceTree = SOURCE_ROOT; };
		F4844D1A1319E7DB00E1F303 /* zkLoginResult.m */ = {isa = PBXFileReference; fileEncoding = 4; lastKnownFileType = sourcecode.c.objc; name = zkLoginResult.m; path = ../zksforce/zkSforce/zkLoginResult.m; sourceTree = SOURCE_ROOT; };
		F4844D1B1319E7DB00E1F303 /* zkParser.h */ = {isa = PBXFileReference; fileEncoding = 4; lastKnownFileType = sourcecode.c.h; name = zkParser.h; path = ../zksforce/zkSforce/zkParser.h; sourceTree = SOURCE_ROOT; };
		F4844D1C1319E7DB00E1F303 /* zkParser.m */ = {isa = PBXFileReference; fileEncoding = 4; lastKnownFileType = sourcecode.c.objc; name = zkParser.m; path = ../zksforce/zkSforce/zkParser.m; sourceTree = SOURCE_ROOT; };
		F4844D1D1319E7DB00E1F303 /* ZKPartnerEnvelope.h */ = {isa = PBXFileReference; fileEncoding = 4; lastKnownFileType = sourcecode.c.h; name = ZKPartnerEnvelope.h; path = ../zksforce/zkSforce/ZKPartnerEnvelope.h; sourceTree = SOURCE_ROOT; };
		F4844D1E1319E7DB00E1F303 /* ZKPartnerEnvelope.m */ = {isa = PBXFileReference; fileEncoding = 4; lastKnownFileType = sourcecode.c.objc; name = ZKPartnerEnvelope.m; path = ../zksforce/zkSforce/ZKPartnerEnvelope.m; sourceTree = SOURCE_ROOT; };
		F4844D1F1319E7DB00E1F303 /* ZKPicklistEntry.h */ = {isa = PBXFileReference; fileEncoding = 4; lastKnownFileType = sourcecode.c.h; name = ZKPicklistEntry.h; path = ../zksforce/zkSforce/ZKPicklistEntry.h; sourceTree = SOURCE_ROOT; };
		F4844D201319E7DB00E1F303 /* ZKPicklistEntry.m */ = {isa = PBXFileReference; fileEncoding = 4; lastKnownFileType = sourcecode.c.objc; name = ZKPicklistEntry.m; path = ../zksforce/zkSforce/ZKPicklistEntry.m; sourceTree = SOURCE_ROOT; };
		F4844D211319E7DB00E1F303 /* ZKPicklistForRecordType.h */ = {isa = PBXFileReference; fileEncoding = 4; lastKnownFileType = sourcecode.c.h; name = ZKPicklistForRecordType.h; path = ../zksforce/zkSforce/ZKPicklistForRecordType.h; sourceTree = SOURCE_ROOT; };
		F4844D221319E7DB00E1F303 /* ZKPicklistForRecordType.m */ = {isa = PBXFileReference; fileEncoding = 4; lastKnownFileType = sourcecode.c.objc; name = ZKPicklistForRecordType.m; path = ../zksforce/zkSforce/ZKPicklistForRecordType.m; sourceTree = SOURCE_ROOT; };
		F4844D251319E7DB00E1F303 /* zkQueryResult.h */ = {isa = PBXFileReference; fileEncoding = 4; lastKnownFileType = sourcecode.c.h; name = zkQueryResult.h; path = ../zksforce/zkSforce/zkQueryResult.h; sourceTree = SOURCE_ROOT; };
		F4844D261319E7DB00E1F303 /* zkQueryResult.m */ = {isa = PBXFileReference; fileEncoding = 4; lastKnownFileType = sourcecode.c.objc; name = zkQueryResult.m; path = ../zksforce/zkSforce/zkQueryResult.m; sourceTree = SOURCE_ROOT; };
		F4844D271319E7DB00E1F303 /* ZKRecordTypeInfo.h */ = {isa = PBXFileReference; fileEncoding = 4; lastKnownFileType = sourcecode.c.h; name = ZKRecordTypeInfo.h; path = ../zksforce/zkSforce/ZKRecordTypeInfo.h; sourceTree = SOURCE_ROOT; };
		F4844D281319E7DB00E1F303 /* ZKRecordTypeInfo.m */ = {isa = PBXFileReference; fileEncoding = 4; lastKnownFileType = sourcecode.c.objc; name = ZKRecordTypeInfo.m; path = ../zksforce/zkSforce/ZKRecordTypeInfo.m; sourceTree = SOURCE_ROOT; };
		F4844D291319E7DB00E1F303 /* ZKRecordTypeMapping.h */ = {isa = PBXFileReference; fileEncoding = 4; lastKnownFileType = sourcecode.c.h; name = ZKRecordTypeMapping.h; path = ../zksforce/zkSforce/ZKRecordTypeMapping.h; sourceTree = SOURCE_ROOT; };
		F4844D2A1319E7DB00E1F303 /* ZKRecordTypeMapping.m */ = {isa = PBXFileReference; fileEncoding = 4; lastKnownFileType = sourcecode.c.objc; name = ZKRecordTypeMapping.m; path = ../zksforce/zkSforce/ZKRecordTypeMapping.m; sourceTree = SOURCE_ROOT; };
		F4844D2B1319E7DB00E1F303 /* ZKRelatedList.h */ = {isa = PBXFileReference; fileEncoding = 4; lastKnownFileType = sourcecode.c.h; name = ZKRelatedList.h; path = ../zksforce/zkSforce/ZKRelatedList.h; sourceTree = SOURCE_ROOT; };
		F4844D2C1319E7DB00E1F303 /* ZKRelatedList.m */ = {isa = PBXFileReference; fileEncoding = 4; lastKnownFileType = sourcecode.c.objc; name = ZKRelatedList.m; path = ../zksforce/zkSforce/ZKRelatedList.m; sourceTree = SOURCE_ROOT; };
		F4844D2D1319E7DB00E1F303 /* ZKRelatedListColumn.h */ = {isa = PBXFileReference; fileEncoding = 4; lastKnownFileType = sourcecode.c.h; name = ZKRelatedListColumn.h; path = ../zksforce/zkSforce/ZKRelatedListColumn.h; sourceTree = SOURCE_ROOT; };
		F4844D2E1319E7DB00E1F303 /* ZKRelatedListColumn.m */ = {isa = PBXFileReference; fileEncoding = 4; lastKnownFileType = sourcecode.c.objc; name = ZKRelatedListColumn.m; path = ../zksforce/zkSforce/ZKRelatedListColumn.m; sourceTree = SOURCE_ROOT; };
		F4844D2F1319E7DB00E1F303 /* ZKRelatedListSort.h */ = {isa = PBXFileReference; fileEncoding = 4; lastKnownFileType = sourcecode.c.h; name = ZKRelatedListSort.h; path = ../zksforce/zkSforce/ZKRelatedListSort.h; sourceTree = SOURCE_ROOT; };
		F4844D301319E7DB00E1F303 /* ZKRelatedListSort.m */ = {isa = PBXFileReference; fileEncoding = 4; lastKnownFileType = sourcecode.c.objc; name = ZKRelatedListSort.m; path = ../zksforce/zkSforce/ZKRelatedListSort.m; sourceTree = SOURCE_ROOT; };
		F4844D311319E7DB00E1F303 /* zkSaveResult.h */ = {isa = PBXFileReference; fileEncoding = 4; lastKnownFileType = sourcecode.c.h; name = zkSaveResult.h; path = ../zksforce/zkSforce/zkSaveResult.h; sourceTree = SOURCE_ROOT; };
		F4844D321319E7DB00E1F303 /* zkSaveResult.m */ = {isa = PBXFileReference; fileEncoding = 4; lastKnownFileType = sourcecode.c.objc; name = zkSaveResult.m; path = ../zksforce/zkSforce/zkSaveResult.m; sourceTree = SOURCE_ROOT; };
		F4844D331319E7DB00E1F303 /* zkSforce.h */ = {isa = PBXFileReference; fileEncoding = 4; lastKnownFileType = sourcecode.c.h; name = zkSforce.h; path = ../zksforce/zkSforce/zkSforce.h; sourceTree = SOURCE_ROOT; };
		F4844D341319E7DB00E1F303 /* zkSforceClient.h */ = {isa = PBXFileReference; fileEncoding = 4; lastKnownFileType = sourcecode.c.h; name = zkSforceClient.h; path = ../zksforce/zkSforce/zkSforceClient.h; sourceTree = SOURCE_ROOT; };
		F4844D351319E7DB00E1F303 /* zkSforceClient.m */ = {isa = PBXFileReference; fileEncoding = 4; lastKnownFileType = sourcecode.c.objc; name = zkSforceClient.m; path = ../zksforce/zkSforce/zkSforceClient.m; sourceTree = SOURCE_ROOT; };
		F4844D361319E7DB00E1F303 /* zkSoapException.h */ = {isa = PBXFileReference; fileEncoding = 4; lastKnownFileType = sourcecode.c.h; name = zkSoapException.h; path = ../zksforce/zkSforce/zkSoapException.h; sourceTree = SOURCE_ROOT; };
		F4844D371319E7DB00E1F303 /* zkSoapException.m */ = {isa = PBXFileReference; fileEncoding = 4; lastKnownFileType = sourcecode.c.objc; name = zkSoapException.m; path = ../zksforce/zkSforce/zkSoapException.m; sourceTree = SOURCE_ROOT; };
		F4844D381319E7DB00E1F303 /* zkSObject.h */ = {isa = PBXFileReference; fileEncoding = 4; lastKnownFileType = sourcecode.c.h; name = zkSObject.h; path = ../zksforce/zkSforce/zkSObject.h; sourceTree = SOURCE_ROOT; };
		F4844D391319E7DB00E1F303 /* zkSObject.m */ = {isa = PBXFileReference; fileEncoding = 4; lastKnownFileType = sourcecode.c.objc; name = zkSObject.m; path = ../zksforce/zkSforce/zkSObject.m; sourceTree = SOURCE_ROOT; };
		F4844D3A1319E7DB00E1F303 /* zkUserInfo.h */ = {isa = PBXFileReference; fileEncoding = 4; lastKnownFileType = sourcecode.c.h; name = zkUserInfo.h; path = ../zksforce/zkSforce/zkUserInfo.h; sourceTree = SOURCE_ROOT; };
		F4844D3B1319E7DB00E1F303 /* zkUserInfo.m */ = {isa = PBXFileReference; fileEncoding = 4; lastKnownFileType = sourcecode.c.objc; name = zkUserInfo.m; path = ../zksforce/zkSforce/zkUserInfo.m; sourceTree = SOURCE_ROOT; };
		F4844D3C1319E7DB00E1F303 /* zkXmlDeserializer.h */ = {isa = PBXFileReference; fileEncoding = 4; lastKnownFileType = sourcecode.c.h; name = zkXmlDeserializer.h; path = ../zksforce/zkSforce/zkXmlDeserializer.h; sourceTree = SOURCE_ROOT; };
		F4844D3D1319E7DB00E1F303 /* zkXmlDeserializer.m */ = {isa = PBXFileReference; fileEncoding = 4; lastKnownFileType = sourcecode.c.objc; name = zkXmlDeserializer.m; path = ../zksforce/zkSforce/zkXmlDeserializer.m; sourceTree = SOURCE_ROOT; };
		F48F5BC812B9D2D1002B9E3F /* WhoWhat.h */ = {isa = PBXFileReference; fileEncoding = 4; lastKnownFileType = sourcecode.c.h; path = WhoWhat.h; sourceTree = "<group>"; };
		F48F5BC912B9D2D1002B9E3F /* WhoWhat.m */ = {isa = PBXFileReference; fileEncoding = 4; lastKnownFileType = sourcecode.c.objc; path = WhoWhat.m; sourceTree = "<group>"; };
		F49210670B44CED100C5C9AB /* WhatSearchDataSource.h */ = {isa = PBXFileReference; fileEncoding = 4; lastKnownFileType = sourcecode.c.h; path = WhatSearchDataSource.h; sourceTree = "<group>"; };
		F49210680B44CED100C5C9AB /* WhatSearchDataSource.m */ = {isa = PBXFileReference; fileEncoding = 4; lastKnownFileType = sourcecode.c.objc; path = WhatSearchDataSource.m; sourceTree = "<group>"; };
		F49210740B44D0D500C5C9AB /* ZKDescribeSObject_additions.h */ = {isa = PBXFileReference; fileEncoding = 4; lastKnownFileType = sourcecode.c.h; path = ZKDescribeSObject_additions.h; sourceTree = "<group>"; };
		F49210750B44D0D500C5C9AB /* ZKDescribeSObject_additions.m */ = {isa = PBXFileReference; fileEncoding = 4; lastKnownFileType = sourcecode.c.objc; path = ZKDescribeSObject_additions.m; sourceTree = "<group>"; };
		F4921CFA0EDFA52E00E95E03 /* NSData-Base64Extensions.h */ = {isa = PBXFileReference; fileEncoding = 4; lastKnownFileType = sourcecode.c.h; path = "NSData-Base64Extensions.h"; sourceTree = "<group>"; };
		F4921CFB0EDFA52E00E95E03 /* NSData-Base64Extensions.m */ = {isa = PBXFileReference; fileEncoding = 4; lastKnownFileType = sourcecode.c.objc; path = "NSData-Base64Extensions.m"; sourceTree = "<group>"; };
		F4A0E540127C9AF60038B1CE /* libxml2.2.dylib */ = {isa = PBXFileReference; lastKnownFileType = "compiled.mach-o.dylib"; name = libxml2.2.dylib; path = usr/lib/libxml2.2.dylib; sourceTree = SDKROOT; };
		F4DBCAF50B3DC0C700D94639 /* LoginController.m */ = {isa = PBXFileReference; fileEncoding = 30; lastKnownFileType = sourcecode.c.objc; path = LoginController.m; sourceTree = "<group>"; };
		F4DBCAF60B3DC0C700D94639 /* LoginController.h */ = {isa = PBXFileReference; fileEncoding = 30; lastKnownFileType = sourcecode.c.h; path = LoginController.h; sourceTree = "<group>"; };
		F4DBCB0C0B3DC4F000D94639 /* Security.framework */ = {isa = PBXFileReference; lastKnownFileType = wrapper.framework; name = Security.framework; path = /System/Library/Frameworks/Security.framework; sourceTree = "<absolute>"; };
		F4DBCB380B3E259400D94639 /* Credits.html */ = {isa = PBXFileReference; fileEncoding = 4; lastKnownFileType = text.html; path = Credits.html; sourceTree = "<group>"; };
		F4DBCB5F0B3E3A2600D94639 /* maildrop.icns */ = {isa = PBXFileReference; lastKnownFileType = image.icns; path = maildrop.icns; sourceTree = "<group>"; };
		F4E83C320B8EAE4600217FDB /* credential.h */ = {isa = PBXFileReference; fileEncoding = 30; lastKnownFileType = sourcecode.c.h; name = credential.h; path = ../common/credential.h; sourceTree = SOURCE_ROOT; };
		F4E83C330B8EAE4600217FDB /* credential.m */ = {isa = PBXFileReference; fileEncoding = 30; lastKnownFileType = sourcecode.c.objc; name = credential.m; path = ../common/credential.m; sourceTree = SOURCE_ROOT; };
		F4E83C340B8EAE4600217FDB /* ZKLoginController.h */ = {isa = PBXFileReference; fileEncoding = 30; lastKnownFileType = sourcecode.c.h; name = ZKLoginController.h; path = ../common/ZKLoginController.h; sourceTree = SOURCE_ROOT; };
		F4E83C350B8EAE4600217FDB /* ZKLoginController.m */ = {isa = PBXFileReference; fileEncoding = 30; lastKnownFileType = sourcecode.c.objc; name = ZKLoginController.m; path = ../common/ZKLoginController.m; sourceTree = SOURCE_ROOT; };
		F4F87CFA0B4E1FDF006F6B63 /* WelcomeController.h */ = {isa = PBXFileReference; fileEncoding = 30; lastKnownFileType = sourcecode.c.h; path = WelcomeController.h; sourceTree = "<group>"; };
		F4F87CFB0B4E1FDF006F6B63 /* WelcomeController.m */ = {isa = PBXFileReference; fileEncoding = 30; lastKnownFileType = sourcecode.c.objc; path = WelcomeController.m; sourceTree = "<group>"; };
/* End PBXFileReference section */

/* Begin PBXFrameworksBuildPhase section */
		8D11072E0486CEB800E47090 /* Frameworks */ = {
			isa = PBXFrameworksBuildPhase;
			buildActionMask = 2147483647;
			files = (
				F41A247117309059005BF9D5 /* ScriptingBridge.framework in Frameworks */,
				8D11072F0486CEB800E47090 /* Cocoa.framework in Frameworks */,
				F4DBCB0D0B3DC4F000D94639 /* Security.framework in Frameworks */,
				F450990D0B51A969007D82E9 /* Sparkle.framework in Frameworks */,
				F4A0E541127C9AF60038B1CE /* libxml2.2.dylib in Frameworks */,
			);
			runOnlyForDeploymentPostprocessing = 0;
		};
/* End PBXFrameworksBuildPhase section */

/* Begin PBXGroup section */
		080E96DDFE201D6D7F000001 /* Classes */ = {
			isa = PBXGroup;
			children = (
				F41A245D17308442005BF9D5 /* scriptingBridge */,
				F4BF64C60EE1FAD800F52263 /* addEmail */,
				F4BF64C50EE1FACF00F52263 /* appleScript objects */,
				F4BF64C40EE1FAC400F52263 /* extensions */,
				F41B85610B3CFF0800971C0B /* AppDelegate.h */,
				F41B85620B3CFF0800971C0B /* AppDelegate.m */,
				F4DBCAF50B3DC0C700D94639 /* LoginController.m */,
				F4DBCAF60B3DC0C700D94639 /* LoginController.h */,
				F4F87CFA0B4E1FDF006F6B63 /* WelcomeController.h */,
				F4F87CFB0B4E1FDF006F6B63 /* WelcomeController.m */,
				F45994370B54A50C00EE154D /* SObjectPermsWrapper.h */,
				F45994380B54A50D00EE154D /* SObjectPermsWrapper.m */,
				F46C83870EC6429800944C77 /* ButtonBarController.h */,
				F46C83880EC6429800944C77 /* ButtonBarController.m */,
				F46C83A80EC6777200944C77 /* Constants.h */,
				F46C83A90EC6777200944C77 /* Constants.m */,
				F47E351F145906450017AD47 /* LionInfoWindowController.h */,
				F47E3520145906450017AD47 /* LionInfoWindowController.m */,
				F41A2461173085A9005BF9D5 /* ClientApp.h */,
				F41A2462173085A9005BF9D5 /* ClientApp.m */,
			);
			name = Classes;
			sourceTree = "<group>";
		};
		1058C7A0FEA54F0111CA2CBB /* Linked Frameworks */ = {
			isa = PBXGroup;
			children = (
				F450990C0B51A969007D82E9 /* Sparkle.framework */,
				F4DBCB0C0B3DC4F000D94639 /* Security.framework */,
				1058C7A1FEA54F0111CA2CBB /* Cocoa.framework */,
				F4A0E540127C9AF60038B1CE /* libxml2.2.dylib */,
			);
			name = "Linked Frameworks";
			sourceTree = "<group>";
		};
		1058C7A2FEA54F0111CA2CBB /* Other Frameworks */ = {
			isa = PBXGroup;
			children = (
				29B97324FDCFA39411CA2CEA /* AppKit.framework */,
				13E42FB307B3F0F600E4EEF1 /* CoreData.framework */,
				29B97325FDCFA39411CA2CEA /* Foundation.framework */,
			);
			name = "Other Frameworks";
			sourceTree = "<group>";
		};
		19C28FACFE9D520D11CA2CBB /* Products */ = {
			isa = PBXGroup;
			children = (
				8D1107320486CEB800E47090 /* Maildrop.app */,
			);
			name = Products;
			sourceTree = "<group>";
		};
		29B97314FDCFA39411CA2CEA /* maildrop */ = {
			isa = PBXGroup;
			children = (
				F41A247017309059005BF9D5 /* ScriptingBridge.framework */,
				F4DBCB040B3DC2AB00D94639 /* common */,
				F4329C4A0B3DA4AD003AB463 /* sforce */,
				080E96DDFE201D6D7F000001 /* Classes */,
				29B97315FDCFA39411CA2CEA /* Other Sources */,
				29B97317FDCFA39411CA2CEA /* Resources */,
				29B97323FDCFA39411CA2CEA /* Frameworks */,
				19C28FACFE9D520D11CA2CBB /* Products */,
			);
			name = maildrop;
			sourceTree = "<group>";
		};
		29B97315FDCFA39411CA2CEA /* Other Sources */ = {
			isa = PBXGroup;
			children = (
				32CA4F630368D1EE00C91783 /* maildrop_Prefix.pch */,
				29B97316FDCFA39411CA2CEA /* main.m */,
			);
			name = "Other Sources";
			sourceTree = "<group>";
		};
		29B97317FDCFA39411CA2CEA /* Resources */ = {
			isa = PBXGroup;
			children = (
				F41A248A1731E554005BF9D5 /* Login.xib */,
				F45F31E112939A3700BDCF61 /* outlook_icon.png */,
				F46C83D90EC77A1200944C77 /* maildrop32.png */,
				F46C83C20EC683BE00944C77 /* entourage.png */,
				F46C83C30EC683BE00944C77 /* mail_icon.png */,
				F46C838B0EC64E3C00944C77 /* cases32.png */,
				F46C838C0EC64E3C00944C77 /* mail32.png */,
				F44421DF0B5351A0002AB629 /* maildropGrowl.scpt */,
				F4DBCB5F0B3E3A2600D94639 /* maildrop.icns */,
				F41B855F0B3CFE6400971C0B /* maildrop.sdef */,
				8D1107310486CEB800E47090 /* Info.plist */,
				089C165CFE840E0CC02AAC07 /* InfoPlist.strings */,
				29B97318FDCFA39411CA2CEA /* MainMenu.nib */,
				F4DBCB380B3E259400D94639 /* Credits.html */,
				F47E35B0145910420017AD47 /* Localizable.strings */,
			);
			name = Resources;
			sourceTree = "<group>";
		};
		29B97323FDCFA39411CA2CEA /* Frameworks */ = {
			isa = PBXGroup;
			children = (
				1058C7A0FEA54F0111CA2CBB /* Linked Frameworks */,
				1058C7A2FEA54F0111CA2CBB /* Other Frameworks */,
			);
			name = Frameworks;
			sourceTree = "<group>";
		};
		F41A245D17308442005BF9D5 /* scriptingBridge */ = {
			isa = PBXGroup;
			children = (
				F41A245E17308458005BF9D5 /* entourage.h */,
				F41A245F17308458005BF9D5 /* mail.h */,
				F41A246017308458005BF9D5 /* outlook.h */,
			);
			name = scriptingBridge;
			sourceTree = "<group>";
		};
		F4329C4A0B3DA4AD003AB463 /* sforce */ = {
			isa = PBXGroup;
			children = (
				F4A0E6AB127D15C80038B1CE /* describeLayout */,
				F4844CFD1319E7DB00E1F303 /* zkBaseClient.h */,
				F4844CFE1319E7DB00E1F303 /* zkBaseClient.m */,
				F4844CFF1319E7DB00E1F303 /* zkChildRelationship.h */,
				F4844D001319E7DB00E1F303 /* zkChildRelationship.m */,
				F4844D011319E7DB00E1F303 /* zkDescribeField.h */,
				F4844D021319E7DB00E1F303 /* zkDescribeField.m */,
				F4844D031319E7DB00E1F303 /* zkDescribeGlobalSObject.h */,
				F4844D041319E7DB00E1F303 /* zkDescribeGlobalSObject.m */,
				F4844D151319E7DB00E1F303 /* zkDescribeSObject.h */,
				F4844D161319E7DB00E1F303 /* zkDescribeSObject.m */,
				F4844D171319E7DB00E1F303 /* zkEnvelope.h */,
				F4844D181319E7DB00E1F303 /* zkEnvelope.m */,
				F4844D191319E7DB00E1F303 /* zkLoginResult.h */,
				F4844D1A1319E7DB00E1F303 /* zkLoginResult.m */,
				F4844D1B1319E7DB00E1F303 /* zkParser.h */,
				F4844D1C1319E7DB00E1F303 /* zkParser.m */,
				F4844D1D1319E7DB00E1F303 /* ZKPartnerEnvelope.h */,
				F4844D1E1319E7DB00E1F303 /* ZKPartnerEnvelope.m */,
				F4844D1F1319E7DB00E1F303 /* ZKPicklistEntry.h */,
				F4844D201319E7DB00E1F303 /* ZKPicklistEntry.m */,
				F4844D211319E7DB00E1F303 /* ZKPicklistForRecordType.h */,
				F4844D221319E7DB00E1F303 /* ZKPicklistForRecordType.m */,
				F4844D251319E7DB00E1F303 /* zkQueryResult.h */,
				F4844D261319E7DB00E1F303 /* zkQueryResult.m */,
				F4844D271319E7DB00E1F303 /* ZKRecordTypeInfo.h */,
				F4844D281319E7DB00E1F303 /* ZKRecordTypeInfo.m */,
				F4844D291319E7DB00E1F303 /* ZKRecordTypeMapping.h */,
				F4844D2A1319E7DB00E1F303 /* ZKRecordTypeMapping.m */,
				F4844D311319E7DB00E1F303 /* zkSaveResult.h */,
				F4844D321319E7DB00E1F303 /* zkSaveResult.m */,
				F4844D331319E7DB00E1F303 /* zkSforce.h */,
				F4844D341319E7DB00E1F303 /* zkSforceClient.h */,
				F4844D351319E7DB00E1F303 /* zkSforceClient.m */,
				F4844D361319E7DB00E1F303 /* zkSoapException.h */,
				F4844D371319E7DB00E1F303 /* zkSoapException.m */,
				F4844D381319E7DB00E1F303 /* zkSObject.h */,
				F4844D391319E7DB00E1F303 /* zkSObject.m */,
				F4844D3A1319E7DB00E1F303 /* zkUserInfo.h */,
				F4844D3B1319E7DB00E1F303 /* zkUserInfo.m */,
				F4844D3C1319E7DB00E1F303 /* zkXmlDeserializer.h */,
				F4844D3D1319E7DB00E1F303 /* zkXmlDeserializer.m */,
				F41A24901731E6E0005BF9D5 /* zkAuthentication.h */,
				F41A24911731E6E0005BF9D5 /* zkAuthentication.m */,
				F41A24961731E6E0005BF9D5 /* zkQueryResult+NSTableView.h */,
				F41A24971731E6E0005BF9D5 /* zkQueryResult+NSTableView.m */,
				F41A24981731E6E0005BF9D5 /* zkSforceClient+zkAsyncQuery.h */,
				F41A24991731E6E0005BF9D5 /* zkSforceClient+zkAsyncQuery.m */,
			);
			name = sforce;
			sourceTree = "<group>";
		};
		F4A0E6AB127D15C80038B1CE /* describeLayout */ = {
			isa = PBXGroup;
			children = (
				F41A24921731E6E0005BF9D5 /* ZKDescribeTab.h */,
				F41A24931731E6E0005BF9D5 /* ZKDescribeTab.m */,
				F41A24941731E6E0005BF9D5 /* ZKDescribeTabSetResult.h */,
				F41A24951731E6E0005BF9D5 /* ZKDescribeTabSetResult.m */,
				F4844D051319E7DB00E1F303 /* ZKDescribeLayout.h */,
				F4844D061319E7DB00E1F303 /* ZKDescribeLayout.m */,
				F4844D071319E7DB00E1F303 /* ZKDescribeLayoutButton.h */,
				F4844D081319E7DB00E1F303 /* ZKDescribeLayoutButton.m */,
				F4844D091319E7DB00E1F303 /* ZKDescribeLayoutButtonSection.h */,
				F4844D0A1319E7DB00E1F303 /* ZKDescribeLayoutButtonSection.m */,
				F4844D0B1319E7DB00E1F303 /* ZKDescribeLayoutComponent.h */,
				F4844D0C1319E7DB00E1F303 /* ZKDescribeLayoutComponent.m */,
				F4844D0D1319E7DB00E1F303 /* ZKDescribeLayoutItem.h */,
				F4844D0E1319E7DB00E1F303 /* ZKDescribeLayoutItem.m */,
				F4844D0F1319E7DB00E1F303 /* ZKDescribeLayoutResult.h */,
				F4844D101319E7DB00E1F303 /* ZKDescribeLayoutResult.m */,
				F4844D111319E7DB00E1F303 /* ZKDescribeLayoutRow.h */,
				F4844D121319E7DB00E1F303 /* ZKDescribeLayoutRow.m */,
				F4844D131319E7DB00E1F303 /* ZKDescribeLayoutSection.h */,
				F4844D141319E7DB00E1F303 /* ZKDescribeLayoutSection.m */,
				F4844D2B1319E7DB00E1F303 /* ZKRelatedList.h */,
				F4844D2C1319E7DB00E1F303 /* ZKRelatedList.m */,
				F4844D2D1319E7DB00E1F303 /* ZKRelatedListColumn.h */,
				F4844D2E1319E7DB00E1F303 /* ZKRelatedListColumn.m */,
				F4844D2F1319E7DB00E1F303 /* ZKRelatedListSort.h */,
				F4844D301319E7DB00E1F303 /* ZKRelatedListSort.m */,
			);
			name = describeLayout;
			sourceTree = "<group>";
		};
		F4BF64C40EE1FAC400F52263 /* extensions */ = {
			isa = PBXGroup;
			children = (
				F4921CFA0EDFA52E00E95E03 /* NSData-Base64Extensions.h */,
				F4921CFB0EDFA52E00E95E03 /* NSData-Base64Extensions.m */,
				F49210740B44D0D500C5C9AB /* ZKDescribeSObject_additions.h */,
				F49210750B44D0D500C5C9AB /* ZKDescribeSObject_additions.m */,
			);
			name = extensions;
			sourceTree = "<group>";
		};
		F4BF64C50EE1FACF00F52263 /* appleScript objects */ = {
			isa = PBXGroup;
			children = (
				F4451EF00EDBC9DA00ABBC35 /* AsItem.h */,
				F4451EF10EDBC9DA00ABBC35 /* AsItem.m */,
				F41B85550B3CFB5200971C0B /* Email.h */,
				F41B85560B3CFB5200971C0B /* Email.m */,
				F4451E350EDBAE9700ABBC35 /* Attachment.h */,
				F4451E360EDBAE9700ABBC35 /* Attachment.m */,
				F41A246417308C60005BF9D5 /* MailFactory.h */,
				F41A246517308C60005BF9D5 /* MailFactory.m */,
				F41A246717308C6C005BF9D5 /* OutlookFactory.h */,
				F41A246817308C6C005BF9D5 /* OutlookFactory.m */,
				F41A246A17308C76005BF9D5 /* EntourageFactory.h */,
				F41A246B17308C76005BF9D5 /* EntourageFactory.m */,
				F41A246D17308EF2005BF9D5 /* Factory.h */,
				F41A246E17308EF2005BF9D5 /* Factory.m */,
			);
			name = "appleScript objects";
			sourceTree = "<group>";
		};
		F4BF64C60EE1FAD800F52263 /* addEmail */ = {
			isa = PBXGroup;
			children = (
				F48F5BC812B9D2D1002B9E3F /* WhoWhat.h */,
				F48F5BC912B9D2D1002B9E3F /* WhoWhat.m */,
				F41532EA0B4227FE00E36D7B /* CreateActivityController.h */,
				F41532EB0B4227FE00E36D7B /* CreateActivityController.m */,
				F49210670B44CED100C5C9AB /* WhatSearchDataSource.h */,
				F49210680B44CED100C5C9AB /* WhatSearchDataSource.m */,
			);
			name = addEmail;
			sourceTree = "<group>";
		};
		F4DBCB040B3DC2AB00D94639 /* common */ = {
			isa = PBXGroup;
			children = (
				F4E83C320B8EAE4600217FDB /* credential.h */,
				F4E83C330B8EAE4600217FDB /* credential.m */,
				F4E83C340B8EAE4600217FDB /* ZKLoginController.h */,
				F4E83C350B8EAE4600217FDB /* ZKLoginController.m */,
			);
			name = common;
			sourceTree = "<group>";
		};
/* End PBXGroup section */

/* Begin PBXNativeTarget section */
		8D1107260486CEB800E47090 /* maildrop */ = {
			isa = PBXNativeTarget;
			buildConfigurationList = C01FCF4A08A954540054247B /* Build configuration list for PBXNativeTarget "maildrop" */;
			buildPhases = (
				8D1107290486CEB800E47090 /* Resources */,
				8D11072C0486CEB800E47090 /* Sources */,
				8D11072E0486CEB800E47090 /* Frameworks */,
				F45099210B51A97C007D82E9 /* CopyFiles */,
			);
			buildRules = (
			);
			dependencies = (
			);
			name = maildrop;
			productInstallPath = "$(HOME)/Applications";
			productName = maildrop;
			productReference = 8D1107320486CEB800E47090 /* Maildrop.app */;
			productType = "com.apple.product-type.application";
		};
/* End PBXNativeTarget section */

/* Begin PBXProject section */
		29B97313FDCFA39411CA2CEA /* Project object */ = {
			isa = PBXProject;
			attributes = {
				LastUpgradeCheck = 0450;
			};
			buildConfigurationList = C01FCF4E08A954540054247B /* Build configuration list for PBXProject "maildrop" */;
			compatibilityVersion = "Xcode 3.2";
			developmentRegion = English;
			hasScannedForEncodings = 1;
			knownRegions = (
				en,
			);
			mainGroup = 29B97314FDCFA39411CA2CEA /* maildrop */;
			projectDirPath = "";
			projectRoot = "";
			targets = (
				8D1107260486CEB800E47090 /* maildrop */,
			);
		};
/* End PBXProject section */

/* Begin PBXResourcesBuildPhase section */
		8D1107290486CEB800E47090 /* Resources */ = {
			isa = PBXResourcesBuildPhase;
			buildActionMask = 2147483647;
			files = (
				F44421E00B5351A0002AB629 /* maildropGrowl.scpt in Resources */,
				8D11072A0486CEB800E47090 /* MainMenu.nib in Resources */,
				8D11072B0486CEB800E47090 /* InfoPlist.strings in Resources */,
				F41B85600B3CFE6400971C0B /* maildrop.sdef in Resources */,
				F4DBCB390B3E259400D94639 /* Credits.html in Resources */,
				F4DBCB600B3E3A2600D94639 /* maildrop.icns in Resources */,
				F46C838D0EC64E3C00944C77 /* cases32.png in Resources */,
				F46C838E0EC64E3C00944C77 /* mail32.png in Resources */,
				F46C83C40EC683BE00944C77 /* entourage.png in Resources */,
				F46C83C50EC683BE00944C77 /* mail_icon.png in Resources */,
				F46C83DA0EC77A1200944C77 /* maildrop32.png in Resources */,
				F45F31E212939A3700BDCF61 /* outlook_icon.png in Resources */,
				F47E35B1145910420017AD47 /* Localizable.strings in Resources */,
				F41A248B1731E554005BF9D5 /* Login.xib in Resources */,
			);
			runOnlyForDeploymentPostprocessing = 0;
		};
/* End PBXResourcesBuildPhase section */

/* Begin PBXSourcesBuildPhase section */
		8D11072C0486CEB800E47090 /* Sources */ = {
			isa = PBXSourcesBuildPhase;
			buildActionMask = 2147483647;
			files = (
				8D11072D0486CEB800E47090 /* main.m in Sources */,
				F41B85570B3CFB5200971C0B /* Email.m in Sources */,
				F41B85630B3CFF0800971C0B /* AppDelegate.m in Sources */,
				F4DBCAF70B3DC0C700D94639 /* LoginController.m in Sources */,
				F41532EC0B4227FE00E36D7B /* CreateActivityController.m in Sources */,
				F49210690B44CED100C5C9AB /* WhatSearchDataSource.m in Sources */,
				F49210760B44D0D500C5C9AB /* ZKDescribeSObject_additions.m in Sources */,
				F4F87CFC0B4E1FDF006F6B63 /* WelcomeController.m in Sources */,
				F459943A0B54A50D00EE154D /* SObjectPermsWrapper.m in Sources */,
				F4E83C370B8EAE4700217FDB /* credential.m in Sources */,
				F4E83C390B8EAE4700217FDB /* ZKLoginController.m in Sources */,
				F46C83890EC6429800944C77 /* ButtonBarController.m in Sources */,
				F46C83AA0EC6777200944C77 /* Constants.m in Sources */,
				F4451E370EDBAE9700ABBC35 /* Attachment.m in Sources */,
				F4451EF20EDBC9DA00ABBC35 /* AsItem.m in Sources */,
				F4921CFC0EDFA52E00E95E03 /* NSData-Base64Extensions.m in Sources */,
				F48F5BCA12B9D2D1002B9E3F /* WhoWhat.m in Sources */,
				F4844D3E1319E7DB00E1F303 /* zkBaseClient.m in Sources */,
				F4844D3F1319E7DB00E1F303 /* zkChildRelationship.m in Sources */,
				F4844D401319E7DB00E1F303 /* zkDescribeField.m in Sources */,
				F4844D411319E7DB00E1F303 /* zkDescribeGlobalSObject.m in Sources */,
				F4844D421319E7DB00E1F303 /* ZKDescribeLayout.m in Sources */,
				F4844D431319E7DB00E1F303 /* ZKDescribeLayoutButton.m in Sources */,
				F4844D441319E7DB00E1F303 /* ZKDescribeLayoutButtonSection.m in Sources */,
				F4844D451319E7DB00E1F303 /* ZKDescribeLayoutComponent.m in Sources */,
				F4844D461319E7DB00E1F303 /* ZKDescribeLayoutItem.m in Sources */,
				F4844D471319E7DB00E1F303 /* ZKDescribeLayoutResult.m in Sources */,
				F4844D481319E7DB00E1F303 /* ZKDescribeLayoutRow.m in Sources */,
				F4844D491319E7DB00E1F303 /* ZKDescribeLayoutSection.m in Sources */,
				F4844D4A1319E7DB00E1F303 /* zkDescribeSObject.m in Sources */,
				F4844D4B1319E7DB00E1F303 /* zkEnvelope.m in Sources */,
				F4844D4C1319E7DB00E1F303 /* zkLoginResult.m in Sources */,
				F4844D4D1319E7DB00E1F303 /* zkParser.m in Sources */,
				F4844D4E1319E7DB00E1F303 /* ZKPartnerEnvelope.m in Sources */,
				F4844D4F1319E7DB00E1F303 /* ZKPicklistEntry.m in Sources */,
				F4844D501319E7DB00E1F303 /* ZKPicklistForRecordType.m in Sources */,
				F4844D521319E7DB00E1F303 /* zkQueryResult.m in Sources */,
				F4844D531319E7DB00E1F303 /* ZKRecordTypeInfo.m in Sources */,
				F4844D541319E7DB00E1F303 /* ZKRecordTypeMapping.m in Sources */,
				F4844D551319E7DB00E1F303 /* ZKRelatedList.m in Sources */,
				F4844D561319E7DB00E1F303 /* ZKRelatedListColumn.m in Sources */,
				F4844D571319E7DB00E1F303 /* ZKRelatedListSort.m in Sources */,
				F4844D581319E7DB00E1F303 /* zkSaveResult.m in Sources */,
				F4844D591319E7DB00E1F303 /* zkSforceClient.m in Sources */,
				F4844D5A1319E7DB00E1F303 /* zkSoapException.m in Sources */,
				F4844D5B1319E7DB00E1F303 /* zkSObject.m in Sources */,
				F4844D5C1319E7DB00E1F303 /* zkUserInfo.m in Sources */,
				F4844D5D1319E7DB00E1F303 /* zkXmlDeserializer.m in Sources */,
				F47E3521145906450017AD47 /* LionInfoWindowController.m in Sources */,
				F41A2463173085A9005BF9D5 /* ClientApp.m in Sources */,
				F41A246617308C60005BF9D5 /* MailFactory.m in Sources */,
				F41A246917308C6C005BF9D5 /* OutlookFactory.m in Sources */,
				F41A246C17308C76005BF9D5 /* EntourageFactory.m in Sources */,
				F41A246F17308EF2005BF9D5 /* Factory.m in Sources */,
				F41A249A1731E6E0005BF9D5 /* zkAuthentication.m in Sources */,
				F41A249B1731E6E0005BF9D5 /* ZKDescribeTab.m in Sources */,
				F41A249C1731E6E0005BF9D5 /* ZKDescribeTabSetResult.m in Sources */,
				F41A249D1731E6E0005BF9D5 /* zkQueryResult+NSTableView.m in Sources */,
				F41A249E1731E6E0005BF9D5 /* zkSforceClient+zkAsyncQuery.m in Sources */,
			);
			runOnlyForDeploymentPostprocessing = 0;
		};
/* End PBXSourcesBuildPhase section */

/* Begin PBXVariantGroup section */
		089C165CFE840E0CC02AAC07 /* InfoPlist.strings */ = {
			isa = PBXVariantGroup;
			children = (
				089C165DFE840E0CC02AAC07 /* English */,
			);
			name = InfoPlist.strings;
			sourceTree = "<group>";
		};
		29B97318FDCFA39411CA2CEA /* MainMenu.nib */ = {
			isa = PBXVariantGroup;
			children = (
				29B97319FDCFA39411CA2CEA /* English */,
			);
			name = MainMenu.nib;
			sourceTree = "<group>";
		};
		F47E35B0145910420017AD47 /* Localizable.strings */ = {
			isa = PBXVariantGroup;
			children = (
				F47E35AE1459103D0017AD47 /* English */,
			);
			name = Localizable.strings;
			sourceTree = "<group>";
		};
/* End PBXVariantGroup section */

/* Begin XCBuildConfiguration section */
		C01FCF4B08A954540054247B /* Debug */ = {
			isa = XCBuildConfiguration;
			buildSettings = {
				ARCHS = "$(ARCHS_STANDARD_32_64_BIT)";
				COMBINE_HIDPI_IMAGES = YES;
				COPYING_PRESERVES_HFS_DATA = YES;
				COPY_PHASE_STRIP = NO;
				FRAMEWORK_SEARCH_PATHS = (
					"$(inherited)",
					"$(FRAMEWORK_SEARCH_PATHS_QUOTED_1)",
				);
				FRAMEWORK_SEARCH_PATHS_QUOTED_1 = "\"$(SRCROOT)\"";
				GCC_DYNAMIC_NO_PIC = NO;
				GCC_MODEL_TUNING = G5;
				GCC_OPTIMIZATION_LEVEL = 0;
				INFOPLIST_FILE = Info.plist;
				INSTALL_PATH = "$(HOME)/Applications";
				LIBRARY_SEARCH_PATHS = "$(inherited)";
				OTHER_LDFLAGS = "-lcrypto";
				PRODUCT_NAME = Maildrop;
				WRAPPER_EXTENSION = app;
				ZERO_LINK = YES;
			};
			name = Debug;
		};
		C01FCF4C08A954540054247B /* Release */ = {
			isa = XCBuildConfiguration;
			buildSettings = {
				ARCHS = "$(ARCHS_STANDARD_32_64_BIT)";
				COMBINE_HIDPI_IMAGES = YES;
				COPYING_PRESERVES_HFS_DATA = YES;
				FRAMEWORK_SEARCH_PATHS = (
					"$(inherited)",
					"$(FRAMEWORK_SEARCH_PATHS_QUOTED_1)",
				);
				FRAMEWORK_SEARCH_PATHS_QUOTED_1 = "\"$(SRCROOT)\"";
				GCC_GENERATE_DEBUGGING_SYMBOLS = NO;
				GCC_MODEL_TUNING = G5;
				INFOPLIST_FILE = Info.plist;
				INSTALL_PATH = "$(HOME)/Applications";
				LIBRARY_SEARCH_PATHS = "$(inherited)";
				OTHER_LDFLAGS = "-lcrypto";
				PRODUCT_NAME = Maildrop;
				WRAPPER_EXTENSION = app;
			};
			name = Release;
		};
		C01FCF4F08A954540054247B /* Debug */ = {
			isa = XCBuildConfiguration;
			buildSettings = {
				ALWAYS_SEARCH_USER_PATHS = NO;
				COPYING_PRESERVES_HFS_DATA = YES;
				GCC_C_LANGUAGE_STANDARD = c99;
				GCC_ENABLE_OBJC_EXCEPTIONS = YES;
				GCC_OPTIMIZATION_LEVEL = 0;
				GCC_PREFIX_HEADER = maildrop_Prefix.pch;
				GCC_WARN_ABOUT_RETURN_TYPE = YES;
				GCC_WARN_UNUSED_VARIABLE = YES;
				HEADER_SEARCH_PATHS = /usr/include/libxml2;
				MACOSX_DEPLOYMENT_TARGET = 10.7;
				SDKROOT = macosx10.7;
			};
			name = Debug;
		};
		C01FCF5008A954540054247B /* Release */ = {
			isa = XCBuildConfiguration;
			buildSettings = {
				ALWAYS_SEARCH_USER_PATHS = NO;
				COPYING_PRESERVES_HFS_DATA = YES;
				GCC_C_LANGUAGE_STANDARD = c99;
				GCC_ENABLE_OBJC_EXCEPTIONS = YES;
				GCC_PREFIX_HEADER = maildrop_Prefix.pch;
				GCC_WARN_ABOUT_RETURN_TYPE = YES;
				GCC_WARN_UNUSED_VARIABLE = YES;
				HEADER_SEARCH_PATHS = /usr/include/libxml2;
				MACOSX_DEPLOYMENT_TARGET = 10.7;
				SDKROOT = macosx10.7;
			};
			name = Release;
		};
/* End XCBuildConfiguration section */

/* Begin XCConfigurationList section */
		C01FCF4A08A954540054247B /* Build configuration list for PBXNativeTarget "maildrop" */ = {
			isa = XCConfigurationList;
			buildConfigurations = (
				C01FCF4B08A954540054247B /* Debug */,
				C01FCF4C08A954540054247B /* Release */,
			);
			defaultConfigurationIsVisible = 0;
			defaultConfigurationName = Release;
		};
		C01FCF4E08A954540054247B /* Build configuration list for PBXProject "maildrop" */ = {
			isa = XCConfigurationList;
			buildConfigurations = (
				C01FCF4F08A954540054247B /* Debug */,
				C01FCF5008A954540054247B /* Release */,
			);
			defaultConfigurationIsVisible = 0;
			defaultConfigurationName = Release;
		};
/* End XCConfigurationList section */
	};
	rootObject = 29B97313FDCFA39411CA2CEA /* Project object */;
}
