// !$*UTF8*$!
{
	archiveVersion = 1;
	classes = {
	};
	objectVersion = 44;
	objects = {

/* Begin PBXBuildFile section */
		8D11072A0486CEB800E47090 /* MainMenu.nib in Resources */ = {isa = PBXBuildFile; fileRef = 29B97318FDCFA39411CA2CEA /* MainMenu.nib */; };
		8D11072B0486CEB800E47090 /* InfoPlist.strings in Resources */ = {isa = PBXBuildFile; fileRef = 089C165CFE840E0CC02AAC07 /* InfoPlist.strings */; };
		8D11072D0486CEB800E47090 /* main.m in Sources */ = {isa = PBXBuildFile; fileRef = 29B97316FDCFA39411CA2CEA /* main.m */; settings = {ATTRIBUTES = (); }; };
		8D11072F0486CEB800E47090 /* Cocoa.framework in Frameworks */ = {isa = PBXBuildFile; fileRef = 1058C7A1FEA54F0111CA2CBB /* Cocoa.framework */; };
		F41532EC0B4227FE00E36D7B /* CreateActivityController.m in Sources */ = {isa = PBXBuildFile; fileRef = F41532EB0B4227FE00E36D7B /* CreateActivityController.m */; };
		F41B85570B3CFB5200971C0B /* Email.m in Sources */ = {isa = PBXBuildFile; fileRef = F41B85560B3CFB5200971C0B /* Email.m */; };
		F41B85600B3CFE6400971C0B /* maildrop.sdef in Resources */ = {isa = PBXBuildFile; fileRef = F41B855F0B3CFE6400971C0B /* maildrop.sdef */; };
		F41B85630B3CFF0800971C0B /* AppDelegate.m in Sources */ = {isa = PBXBuildFile; fileRef = F41B85620B3CFF0800971C0B /* AppDelegate.m */; };
		F4329C3F0B3DA4A9003AB463 /* zkChildRelationship.m in Sources */ = {isa = PBXBuildFile; fileRef = F4329C290B3DA4A9003AB463 /* zkChildRelationship.m */; };
		F4329C400B3DA4A9003AB463 /* zkDescribeField.m in Sources */ = {isa = PBXBuildFile; fileRef = F4329C2B0B3DA4A9003AB463 /* zkDescribeField.m */; };
		F4329C410B3DA4A9003AB463 /* zkDescribeSObject.m in Sources */ = {isa = PBXBuildFile; fileRef = F4329C2D0B3DA4A9003AB463 /* zkDescribeSObject.m */; };
		F4329C420B3DA4A9003AB463 /* zkEnvelope.m in Sources */ = {isa = PBXBuildFile; fileRef = F4329C2F0B3DA4A9003AB463 /* zkEnvelope.m */; };
		F4329C430B3DA4A9003AB463 /* zkQueryResult.m in Sources */ = {isa = PBXBuildFile; fileRef = F4329C310B3DA4A9003AB463 /* zkQueryResult.m */; };
		F4329C440B3DA4A9003AB463 /* zkSaveResult.m in Sources */ = {isa = PBXBuildFile; fileRef = F4329C330B3DA4A9003AB463 /* zkSaveResult.m */; };
		F4329C450B3DA4A9003AB463 /* zkSforceClient.m in Sources */ = {isa = PBXBuildFile; fileRef = F4329C360B3DA4A9003AB463 /* zkSforceClient.m */; };
		F4329C460B3DA4A9003AB463 /* zkSoapException.m in Sources */ = {isa = PBXBuildFile; fileRef = F4329C380B3DA4A9003AB463 /* zkSoapException.m */; };
		F4329C470B3DA4A9003AB463 /* zkSObject.m in Sources */ = {isa = PBXBuildFile; fileRef = F4329C3A0B3DA4A9003AB463 /* zkSObject.m */; };
		F4329C480B3DA4A9003AB463 /* zkUserInfo.m in Sources */ = {isa = PBXBuildFile; fileRef = F4329C3C0B3DA4A9003AB463 /* zkUserInfo.m */; };
		F4329C490B3DA4A9003AB463 /* zkXmlDeserializer.m in Sources */ = {isa = PBXBuildFile; fileRef = F4329C3E0B3DA4A9003AB463 /* zkXmlDeserializer.m */; };
		F44421E00B5351A0002AB629 /* maildropGrowl.scpt in Resources */ = {isa = PBXBuildFile; fileRef = F44421DF0B5351A0002AB629 /* maildropGrowl.scpt */; };
		F4451E370EDBAE9700ABBC35 /* Attachment.m in Sources */ = {isa = PBXBuildFile; fileRef = F4451E360EDBAE9700ABBC35 /* Attachment.m */; };
		F4451EF20EDBC9DA00ABBC35 /* AsItem.m in Sources */ = {isa = PBXBuildFile; fileRef = F4451EF10EDBC9DA00ABBC35 /* AsItem.m */; };
		F44BF839103D0E5300B114E3 /* zkLoginResult.m in Sources */ = {isa = PBXBuildFile; fileRef = F44BF837103D0E5300B114E3 /* zkLoginResult.m */; };
		F450990D0B51A969007D82E9 /* Sparkle.framework in Frameworks */ = {isa = PBXBuildFile; fileRef = F450990C0B51A969007D82E9 /* Sparkle.framework */; };
		F45099260B51A993007D82E9 /* Sparkle.framework in CopyFiles */ = {isa = PBXBuildFile; fileRef = F450990C0B51A969007D82E9 /* Sparkle.framework */; };
		F459943A0B54A50D00EE154D /* SObjectPermsWrapper.m in Sources */ = {isa = PBXBuildFile; fileRef = F45994380B54A50D00EE154D /* SObjectPermsWrapper.m */; };
		F46C83890EC6429800944C77 /* ButtonBarController.m in Sources */ = {isa = PBXBuildFile; fileRef = F46C83880EC6429800944C77 /* ButtonBarController.m */; };
		F46C838D0EC64E3C00944C77 /* cases32.png in Resources */ = {isa = PBXBuildFile; fileRef = F46C838B0EC64E3C00944C77 /* cases32.png */; };
		F46C838E0EC64E3C00944C77 /* mail32.png in Resources */ = {isa = PBXBuildFile; fileRef = F46C838C0EC64E3C00944C77 /* mail32.png */; };
		F46C83AA0EC6777200944C77 /* Constants.m in Sources */ = {isa = PBXBuildFile; fileRef = F46C83A90EC6777200944C77 /* Constants.m */; };
		F46C83C40EC683BE00944C77 /* entourage.png in Resources */ = {isa = PBXBuildFile; fileRef = F46C83C20EC683BE00944C77 /* entourage.png */; };
		F46C83C50EC683BE00944C77 /* mail_icon.png in Resources */ = {isa = PBXBuildFile; fileRef = F46C83C30EC683BE00944C77 /* mail_icon.png */; };
		F46C83DA0EC77A1200944C77 /* maildrop32.png in Resources */ = {isa = PBXBuildFile; fileRef = F46C83D90EC77A1200944C77 /* maildrop32.png */; };
		F47BD7080B4E3F3D00E15CEE /* entourage scripts in Resources */ = {isa = PBXBuildFile; fileRef = F47BD7040B4E3F3D00E15CEE /* entourage scripts */; };
		F49210690B44CED100C5C9AB /* WhatSearchDataSource.m in Sources */ = {isa = PBXBuildFile; fileRef = F49210680B44CED100C5C9AB /* WhatSearchDataSource.m */; };
		F49210760B44D0D500C5C9AB /* ZKDescribeSObject_additions.m in Sources */ = {isa = PBXBuildFile; fileRef = F49210750B44D0D500C5C9AB /* ZKDescribeSObject_additions.m */; };
		F4921CFC0EDFA52E00E95E03 /* NSData-Base64Extensions.m in Sources */ = {isa = PBXBuildFile; fileRef = F4921CFB0EDFA52E00E95E03 /* NSData-Base64Extensions.m */; };
		F49D970E0B498F21005BF9E0 /* Maildrop help in Resources */ = {isa = PBXBuildFile; fileRef = F49D96F60B498F21005BF9E0 /* Maildrop help */; };
		F4BEB52210BE4071004295EC /* zkDescribeGlobalSObject.m in Sources */ = {isa = PBXBuildFile; fileRef = F4BEB52110BE4071004295EC /* zkDescribeGlobalSObject.m */; };
		F4BF64B40EE1F3D600F52263 /* WhoWhat.m in Sources */ = {isa = PBXBuildFile; fileRef = F4BF64B30EE1F3D600F52263 /* WhoWhat.m */; };
		F4DBCAF70B3DC0C700D94639 /* LoginController.m in Sources */ = {isa = PBXBuildFile; fileRef = F4DBCAF50B3DC0C700D94639 /* LoginController.m */; };
		F4DBCB0D0B3DC4F000D94639 /* Security.framework in Frameworks */ = {isa = PBXBuildFile; fileRef = F4DBCB0C0B3DC4F000D94639 /* Security.framework */; };
		F4DBCB390B3E259400D94639 /* Credits.html in Resources */ = {isa = PBXBuildFile; fileRef = F4DBCB380B3E259400D94639 /* Credits.html */; };
		F4DBCB600B3E3A2600D94639 /* maildrop.icns in Resources */ = {isa = PBXBuildFile; fileRef = F4DBCB5F0B3E3A2600D94639 /* maildrop.icns */; };
		F4E83C370B8EAE4700217FDB /* credential.m in Sources */ = {isa = PBXBuildFile; fileRef = F4E83C330B8EAE4600217FDB /* credential.m */; };
		F4E83C390B8EAE4700217FDB /* ZKLoginController.m in Sources */ = {isa = PBXBuildFile; fileRef = F4E83C350B8EAE4600217FDB /* ZKLoginController.m */; };
		F4E83C3D0B8EAE5E00217FDB /* Login.nib in Resources */ = {isa = PBXBuildFile; fileRef = F4E83C3A0B8EAE5E00217FDB /* Login.nib */; };
		F4E83C3E0B8EAE5E00217FDB /* minus-8.png in Resources */ = {isa = PBXBuildFile; fileRef = F4E83C3B0B8EAE5E00217FDB /* minus-8.png */; };
		F4E83C3F0B8EAE5E00217FDB /* plus-8.png in Resources */ = {isa = PBXBuildFile; fileRef = F4E83C3C0B8EAE5E00217FDB /* plus-8.png */; };
		F4E83C5F0B8EB2D400217FDB /* ZKRecordTypeInfo.m in Sources */ = {isa = PBXBuildFile; fileRef = F4E83C5D0B8EB2D400217FDB /* ZKRecordTypeInfo.m */; };
		F4F59F7F0B642E7200907935 /* ZKPicklistEntry.m in Sources */ = {isa = PBXBuildFile; fileRef = F4F59F7D0B642E7200907935 /* ZKPicklistEntry.m */; };
		F4F87CFC0B4E1FDF006F6B63 /* WelcomeController.m in Sources */ = {isa = PBXBuildFile; fileRef = F4F87CFB0B4E1FDF006F6B63 /* WelcomeController.m */; };
		F4F87D1C0B4E24F2006F6B63 /* mail scripts in Resources */ = {isa = PBXBuildFile; fileRef = F4F87D180B4E24F2006F6B63 /* mail scripts */; };
		F4F8F1660C4AF3DA00116C66 /* zkBaseClient.m in Sources */ = {isa = PBXBuildFile; fileRef = F4F8F1620C4AF3DA00116C66 /* zkBaseClient.m */; };
		F4F8F1680C4AF3DA00116C66 /* ZKPartnerEnvelope.m in Sources */ = {isa = PBXBuildFile; fileRef = F4F8F1640C4AF3DA00116C66 /* ZKPartnerEnvelope.m */; };
/* End PBXBuildFile section */

/* Begin PBXCopyFilesBuildPhase section */
		F45099210B51A97C007D82E9 /* CopyFiles */ = {
			isa = PBXCopyFilesBuildPhase;
			buildActionMask = 2147483647;
			dstPath = "";
			dstSubfolderSpec = 10;
			files = (
				F45099260B51A993007D82E9 /* Sparkle.framework in CopyFiles */,
			);
			runOnlyForDeploymentPostprocessing = 0;
		};
/* End PBXCopyFilesBuildPhase section */

/* Begin PBXFileReference section */
		089C165DFE840E0CC02AAC07 /* English */ = {isa = PBXFileReference; fileEncoding = 10; lastKnownFileType = text.plist.strings; name = English; path = English.lproj/InfoPlist.strings; sourceTree = "<group>"; };
		1058C7A1FEA54F0111CA2CBB /* Cocoa.framework */ = {isa = PBXFileReference; lastKnownFileType = wrapper.framework; name = Cocoa.framework; path = /System/Library/Frameworks/Cocoa.framework; sourceTree = "<absolute>"; };
		13E42FB307B3F0F600E4EEF1 /* CoreData.framework */ = {isa = PBXFileReference; lastKnownFileType = wrapper.framework; name = CoreData.framework; path = /System/Library/Frameworks/CoreData.framework; sourceTree = "<absolute>"; };
		29B97316FDCFA39411CA2CEA /* main.m */ = {isa = PBXFileReference; fileEncoding = 4; lastKnownFileType = sourcecode.c.objc; path = main.m; sourceTree = "<group>"; };
		29B97319FDCFA39411CA2CEA /* English */ = {isa = PBXFileReference; lastKnownFileType = wrapper.nib; name = English; path = English.lproj/MainMenu.nib; sourceTree = "<group>"; };
		29B97324FDCFA39411CA2CEA /* AppKit.framework */ = {isa = PBXFileReference; lastKnownFileType = wrapper.framework; name = AppKit.framework; path = /System/Library/Frameworks/AppKit.framework; sourceTree = "<absolute>"; };
		29B97325FDCFA39411CA2CEA /* Foundation.framework */ = {isa = PBXFileReference; lastKnownFileType = wrapper.framework; name = Foundation.framework; path = /System/Library/Frameworks/Foundation.framework; sourceTree = "<absolute>"; };
		32CA4F630368D1EE00C91783 /* maildrop_Prefix.pch */ = {isa = PBXFileReference; fileEncoding = 4; lastKnownFileType = sourcecode.c.h; path = maildrop_Prefix.pch; sourceTree = "<group>"; };
		8D1107310486CEB800E47090 /* Info.plist */ = {isa = PBXFileReference; fileEncoding = 4; lastKnownFileType = text.plist; path = Info.plist; sourceTree = "<group>"; };
		8D1107320486CEB800E47090 /* Maildrop.app */ = {isa = PBXFileReference; explicitFileType = wrapper.application; includeInIndex = 0; path = Maildrop.app; sourceTree = BUILT_PRODUCTS_DIR; };
		F41532EA0B4227FE00E36D7B /* CreateActivityController.h */ = {isa = PBXFileReference; fileEncoding = 30; lastKnownFileType = sourcecode.c.h; path = CreateActivityController.h; sourceTree = "<group>"; };
		F41532EB0B4227FE00E36D7B /* CreateActivityController.m */ = {isa = PBXFileReference; fileEncoding = 30; lastKnownFileType = sourcecode.c.objc; path = CreateActivityController.m; sourceTree = "<group>"; };
		F41B85550B3CFB5200971C0B /* Email.h */ = {isa = PBXFileReference; fileEncoding = 4; lastKnownFileType = sourcecode.c.h; path = Email.h; sourceTree = "<group>"; };
		F41B85560B3CFB5200971C0B /* Email.m */ = {isa = PBXFileReference; fileEncoding = 4; lastKnownFileType = sourcecode.c.objc; path = Email.m; sourceTree = "<group>"; };
		F41B855F0B3CFE6400971C0B /* maildrop.sdef */ = {isa = PBXFileReference; fileEncoding = 30; lastKnownFileType = text.sdef; path = maildrop.sdef; sourceTree = "<group>"; };
		F41B85610B3CFF0800971C0B /* AppDelegate.h */ = {isa = PBXFileReference; fileEncoding = 4; lastKnownFileType = sourcecode.c.h; path = AppDelegate.h; sourceTree = "<group>"; };
		F41B85620B3CFF0800971C0B /* AppDelegate.m */ = {isa = PBXFileReference; fileEncoding = 4; lastKnownFileType = sourcecode.c.objc; path = AppDelegate.m; sourceTree = "<group>"; };
		F4329C280B3DA4A9003AB463 /* zkChildRelationship.h */ = {isa = PBXFileReference; fileEncoding = 30; lastKnownFileType = sourcecode.c.h; name = zkChildRelationship.h; path = ../sforce/zkChildRelationship.h; sourceTree = SOURCE_ROOT; };
		F4329C290B3DA4A9003AB463 /* zkChildRelationship.m */ = {isa = PBXFileReference; fileEncoding = 30; lastKnownFileType = sourcecode.c.objc; name = zkChildRelationship.m; path = ../sforce/zkChildRelationship.m; sourceTree = SOURCE_ROOT; };
		F4329C2A0B3DA4A9003AB463 /* zkDescribeField.h */ = {isa = PBXFileReference; fileEncoding = 30; lastKnownFileType = sourcecode.c.h; name = zkDescribeField.h; path = ../sforce/zkDescribeField.h; sourceTree = SOURCE_ROOT; };
		F4329C2B0B3DA4A9003AB463 /* zkDescribeField.m */ = {isa = PBXFileReference; fileEncoding = 30; lastKnownFileType = sourcecode.c.objc; name = zkDescribeField.m; path = ../sforce/zkDescribeField.m; sourceTree = SOURCE_ROOT; };
		F4329C2C0B3DA4A9003AB463 /* zkDescribeSObject.h */ = {isa = PBXFileReference; fileEncoding = 30; lastKnownFileType = sourcecode.c.h; name = zkDescribeSObject.h; path = ../sforce/zkDescribeSObject.h; sourceTree = SOURCE_ROOT; };
		F4329C2D0B3DA4A9003AB463 /* zkDescribeSObject.m */ = {isa = PBXFileReference; fileEncoding = 30; lastKnownFileType = sourcecode.c.objc; name = zkDescribeSObject.m; path = ../sforce/zkDescribeSObject.m; sourceTree = SOURCE_ROOT; };
		F4329C2E0B3DA4A9003AB463 /* zkEnvelope.h */ = {isa = PBXFileReference; fileEncoding = 30; lastKnownFileType = sourcecode.c.h; name = zkEnvelope.h; path = ../sforce/zkEnvelope.h; sourceTree = SOURCE_ROOT; };
		F4329C2F0B3DA4A9003AB463 /* zkEnvelope.m */ = {isa = PBXFileReference; fileEncoding = 30; lastKnownFileType = sourcecode.c.objc; name = zkEnvelope.m; path = ../sforce/zkEnvelope.m; sourceTree = SOURCE_ROOT; };
		F4329C300B3DA4A9003AB463 /* zkQueryResult.h */ = {isa = PBXFileReference; fileEncoding = 30; lastKnownFileType = sourcecode.c.h; name = zkQueryResult.h; path = ../sforce/zkQueryResult.h; sourceTree = SOURCE_ROOT; };
		F4329C310B3DA4A9003AB463 /* zkQueryResult.m */ = {isa = PBXFileReference; fileEncoding = 30; lastKnownFileType = sourcecode.c.objc; name = zkQueryResult.m; path = ../sforce/zkQueryResult.m; sourceTree = SOURCE_ROOT; };
		F4329C320B3DA4A9003AB463 /* zkSaveResult.h */ = {isa = PBXFileReference; fileEncoding = 30; lastKnownFileType = sourcecode.c.h; name = zkSaveResult.h; path = ../sforce/zkSaveResult.h; sourceTree = SOURCE_ROOT; };
		F4329C330B3DA4A9003AB463 /* zkSaveResult.m */ = {isa = PBXFileReference; fileEncoding = 30; lastKnownFileType = sourcecode.c.objc; name = zkSaveResult.m; path = ../sforce/zkSaveResult.m; sourceTree = SOURCE_ROOT; };
		F4329C340B3DA4A9003AB463 /* zkSforce.h */ = {isa = PBXFileReference; fileEncoding = 30; lastKnownFileType = sourcecode.c.h; name = zkSforce.h; path = ../sforce/zkSforce.h; sourceTree = SOURCE_ROOT; };
		F4329C350B3DA4A9003AB463 /* zkSforceClient.h */ = {isa = PBXFileReference; fileEncoding = 30; lastKnownFileType = sourcecode.c.h; name = zkSforceClient.h; path = ../sforce/zkSforceClient.h; sourceTree = SOURCE_ROOT; };
		F4329C360B3DA4A9003AB463 /* zkSforceClient.m */ = {isa = PBXFileReference; fileEncoding = 30; lastKnownFileType = sourcecode.c.objc; name = zkSforceClient.m; path = ../sforce/zkSforceClient.m; sourceTree = SOURCE_ROOT; };
		F4329C370B3DA4A9003AB463 /* zkSoapException.h */ = {isa = PBXFileReference; fileEncoding = 30; lastKnownFileType = sourcecode.c.h; name = zkSoapException.h; path = ../sforce/zkSoapException.h; sourceTree = SOURCE_ROOT; };
		F4329C380B3DA4A9003AB463 /* zkSoapException.m */ = {isa = PBXFileReference; fileEncoding = 30; lastKnownFileType = sourcecode.c.objc; name = zkSoapException.m; path = ../sforce/zkSoapException.m; sourceTree = SOURCE_ROOT; };
		F4329C390B3DA4A9003AB463 /* zkSObject.h */ = {isa = PBXFileReference; fileEncoding = 30; lastKnownFileType = sourcecode.c.h; name = zkSObject.h; path = ../sforce/zkSObject.h; sourceTree = SOURCE_ROOT; };
		F4329C3A0B3DA4A9003AB463 /* zkSObject.m */ = {isa = PBXFileReference; fileEncoding = 30; lastKnownFileType = sourcecode.c.objc; name = zkSObject.m; path = ../sforce/zkSObject.m; sourceTree = SOURCE_ROOT; };
		F4329C3B0B3DA4A9003AB463 /* zkUserInfo.h */ = {isa = PBXFileReference; fileEncoding = 30; lastKnownFileType = sourcecode.c.h; name = zkUserInfo.h; path = ../sforce/zkUserInfo.h; sourceTree = SOURCE_ROOT; };
		F4329C3C0B3DA4A9003AB463 /* zkUserInfo.m */ = {isa = PBXFileReference; fileEncoding = 30; lastKnownFileType = sourcecode.c.objc; name = zkUserInfo.m; path = ../sforce/zkUserInfo.m; sourceTree = SOURCE_ROOT; };
		F4329C3D0B3DA4A9003AB463 /* zkXmlDeserializer.h */ = {isa = PBXFileReference; fileEncoding = 30; lastKnownFileType = sourcecode.c.h; name = zkXmlDeserializer.h; path = ../sforce/zkXmlDeserializer.h; sourceTree = SOURCE_ROOT; };
		F4329C3E0B3DA4A9003AB463 /* zkXmlDeserializer.m */ = {isa = PBXFileReference; fileEncoding = 30; lastKnownFileType = sourcecode.c.objc; name = zkXmlDeserializer.m; path = ../sforce/zkXmlDeserializer.m; sourceTree = SOURCE_ROOT; };
		F44421DF0B5351A0002AB629 /* maildropGrowl.scpt */ = {isa = PBXFileReference; fileEncoding = 30; lastKnownFileType = sourcecode.scpt; path = maildropGrowl.scpt; sourceTree = "<group>"; };
		F4451E350EDBAE9700ABBC35 /* Attachment.h */ = {isa = PBXFileReference; fileEncoding = 4; lastKnownFileType = sourcecode.c.h; path = Attachment.h; sourceTree = "<group>"; };
		F4451E360EDBAE9700ABBC35 /* Attachment.m */ = {isa = PBXFileReference; fileEncoding = 4; lastKnownFileType = sourcecode.c.objc; path = Attachment.m; sourceTree = "<group>"; };
		F4451EF00EDBC9DA00ABBC35 /* AsItem.h */ = {isa = PBXFileReference; fileEncoding = 4; lastKnownFileType = sourcecode.c.h; path = AsItem.h; sourceTree = "<group>"; };
		F4451EF10EDBC9DA00ABBC35 /* AsItem.m */ = {isa = PBXFileReference; fileEncoding = 4; lastKnownFileType = sourcecode.c.objc; path = AsItem.m; sourceTree = "<group>"; };
		F44BF837103D0E5300B114E3 /* zkLoginResult.m */ = {isa = PBXFileReference; fileEncoding = 4; lastKnownFileType = sourcecode.c.objc; name = zkLoginResult.m; path = ../sforce/zkLoginResult.m; sourceTree = SOURCE_ROOT; };
		F44BF838103D0E5300B114E3 /* zkLoginResult.h */ = {isa = PBXFileReference; fileEncoding = 4; lastKnownFileType = sourcecode.c.h; name = zkLoginResult.h; path = ../sforce/zkLoginResult.h; sourceTree = SOURCE_ROOT; };
		F450990C0B51A969007D82E9 /* Sparkle.framework */ = {isa = PBXFileReference; lastKnownFileType = wrapper.framework; path = Sparkle.framework; sourceTree = "<group>"; };
		F45994370B54A50C00EE154D /* SObjectPermsWrapper.h */ = {isa = PBXFileReference; fileEncoding = 4; lastKnownFileType = sourcecode.c.h; path = SObjectPermsWrapper.h; sourceTree = "<group>"; };
		F45994380B54A50D00EE154D /* SObjectPermsWrapper.m */ = {isa = PBXFileReference; fileEncoding = 4; lastKnownFileType = sourcecode.c.objc; path = SObjectPermsWrapper.m; sourceTree = "<group>"; };
		F46C83870EC6429800944C77 /* ButtonBarController.h */ = {isa = PBXFileReference; fileEncoding = 4; lastKnownFileType = sourcecode.c.h; path = ButtonBarController.h; sourceTree = "<group>"; };
		F46C83880EC6429800944C77 /* ButtonBarController.m */ = {isa = PBXFileReference; fileEncoding = 4; lastKnownFileType = sourcecode.c.objc; path = ButtonBarController.m; sourceTree = "<group>"; };
		F46C838B0EC64E3C00944C77 /* cases32.png */ = {isa = PBXFileReference; lastKnownFileType = image.png; path = cases32.png; sourceTree = "<group>"; };
		F46C838C0EC64E3C00944C77 /* mail32.png */ = {isa = PBXFileReference; lastKnownFileType = image.png; path = mail32.png; sourceTree = "<group>"; };
		F46C83A80EC6777200944C77 /* Constants.h */ = {isa = PBXFileReference; fileEncoding = 4; lastKnownFileType = sourcecode.c.h; path = Constants.h; sourceTree = "<group>"; };
		F46C83A90EC6777200944C77 /* Constants.m */ = {isa = PBXFileReference; fileEncoding = 4; lastKnownFileType = sourcecode.c.objc; path = Constants.m; sourceTree = "<group>"; };
		F46C83C20EC683BE00944C77 /* entourage.png */ = {isa = PBXFileReference; lastKnownFileType = image.png; path = entourage.png; sourceTree = "<group>"; };
		F46C83C30EC683BE00944C77 /* mail_icon.png */ = {isa = PBXFileReference; lastKnownFileType = image.png; path = mail_icon.png; sourceTree = "<group>"; };
		F46C83D90EC77A1200944C77 /* maildrop32.png */ = {isa = PBXFileReference; lastKnownFileType = image.png; path = maildrop32.png; sourceTree = "<group>"; };
		F47BD7040B4E3F3D00E15CEE /* entourage scripts */ = {isa = PBXFileReference; explicitFileType = folder; path = "entourage scripts"; sourceTree = "<group>"; };
		F49210670B44CED100C5C9AB /* WhatSearchDataSource.h */ = {isa = PBXFileReference; fileEncoding = 4; lastKnownFileType = sourcecode.c.h; path = WhatSearchDataSource.h; sourceTree = "<group>"; };
		F49210680B44CED100C5C9AB /* WhatSearchDataSource.m */ = {isa = PBXFileReference; fileEncoding = 4; lastKnownFileType = sourcecode.c.objc; path = WhatSearchDataSource.m; sourceTree = "<group>"; };
		F49210740B44D0D500C5C9AB /* ZKDescribeSObject_additions.h */ = {isa = PBXFileReference; fileEncoding = 4; lastKnownFileType = sourcecode.c.h; path = ZKDescribeSObject_additions.h; sourceTree = "<group>"; };
		F49210750B44D0D500C5C9AB /* ZKDescribeSObject_additions.m */ = {isa = PBXFileReference; fileEncoding = 4; lastKnownFileType = sourcecode.c.objc; path = ZKDescribeSObject_additions.m; sourceTree = "<group>"; };
		F4921CFA0EDFA52E00E95E03 /* NSData-Base64Extensions.h */ = {isa = PBXFileReference; fileEncoding = 4; lastKnownFileType = sourcecode.c.h; path = "NSData-Base64Extensions.h"; sourceTree = "<group>"; };
		F4921CFB0EDFA52E00E95E03 /* NSData-Base64Extensions.m */ = {isa = PBXFileReference; fileEncoding = 4; lastKnownFileType = sourcecode.c.objc; path = "NSData-Base64Extensions.m"; sourceTree = "<group>"; };
		F49D96F70B498F21005BF9E0 /* English */ = {isa = PBXFileReference; lastKnownFileType = folder; name = English; path = "English.lproj/Maildrop help"; sourceTree = "<group>"; };
		F4BEB52010BE4071004295EC /* zkDescribeGlobalSObject.h */ = {isa = PBXFileReference; fileEncoding = 4; lastKnownFileType = sourcecode.c.h; name = zkDescribeGlobalSObject.h; path = ../sforce/zkDescribeGlobalSObject.h; sourceTree = SOURCE_ROOT; };
		F4BEB52110BE4071004295EC /* zkDescribeGlobalSObject.m */ = {isa = PBXFileReference; fileEncoding = 4; lastKnownFileType = sourcecode.c.objc; name = zkDescribeGlobalSObject.m; path = ../sforce/zkDescribeGlobalSObject.m; sourceTree = SOURCE_ROOT; };
		F4BF64B20EE1F3D600F52263 /* WhoWhat.h */ = {isa = PBXFileReference; fileEncoding = 4; lastKnownFileType = sourcecode.c.h; path = WhoWhat.h; sourceTree = "<group>"; };
		F4BF64B30EE1F3D600F52263 /* WhoWhat.m */ = {isa = PBXFileReference; fileEncoding = 4; lastKnownFileType = sourcecode.c.objc; path = WhoWhat.m; sourceTree = "<group>"; };
		F4DBCAF50B3DC0C700D94639 /* LoginController.m */ = {isa = PBXFileReference; fileEncoding = 30; lastKnownFileType = sourcecode.c.objc; path = LoginController.m; sourceTree = "<group>"; };
		F4DBCAF60B3DC0C700D94639 /* LoginController.h */ = {isa = PBXFileReference; fileEncoding = 30; lastKnownFileType = sourcecode.c.h; path = LoginController.h; sourceTree = "<group>"; };
		F4DBCB0C0B3DC4F000D94639 /* Security.framework */ = {isa = PBXFileReference; lastKnownFileType = wrapper.framework; name = Security.framework; path = /System/Library/Frameworks/Security.framework; sourceTree = "<absolute>"; };
		F4DBCB380B3E259400D94639 /* Credits.html */ = {isa = PBXFileReference; fileEncoding = 4; lastKnownFileType = text.html; path = Credits.html; sourceTree = "<group>"; };
		F4DBCB5F0B3E3A2600D94639 /* maildrop.icns */ = {isa = PBXFileReference; lastKnownFileType = image.icns; path = maildrop.icns; sourceTree = "<group>"; };
		F4E83C320B8EAE4600217FDB /* credential.h */ = {isa = PBXFileReference; fileEncoding = 30; lastKnownFileType = sourcecode.c.h; name = credential.h; path = ../common/credential.h; sourceTree = SOURCE_ROOT; };
		F4E83C330B8EAE4600217FDB /* credential.m */ = {isa = PBXFileReference; fileEncoding = 30; lastKnownFileType = sourcecode.c.objc; name = credential.m; path = ../common/credential.m; sourceTree = SOURCE_ROOT; };
		F4E83C340B8EAE4600217FDB /* ZKLoginController.h */ = {isa = PBXFileReference; fileEncoding = 30; lastKnownFileType = sourcecode.c.h; name = ZKLoginController.h; path = ../common/ZKLoginController.h; sourceTree = SOURCE_ROOT; };
		F4E83C350B8EAE4600217FDB /* ZKLoginController.m */ = {isa = PBXFileReference; fileEncoding = 30; lastKnownFileType = sourcecode.c.objc; name = ZKLoginController.m; path = ../common/ZKLoginController.m; sourceTree = SOURCE_ROOT; };
		F4E83C3A0B8EAE5E00217FDB /* Login.nib */ = {isa = PBXFileReference; lastKnownFileType = wrapper.nib; name = Login.nib; path = ../common/Login.nib; sourceTree = SOURCE_ROOT; };
		F4E83C3B0B8EAE5E00217FDB /* minus-8.png */ = {isa = PBXFileReference; lastKnownFileType = image.png; name = "minus-8.png"; path = "../common/minus-8.png"; sourceTree = SOURCE_ROOT; };
		F4E83C3C0B8EAE5E00217FDB /* plus-8.png */ = {isa = PBXFileReference; lastKnownFileType = image.png; name = "plus-8.png"; path = "../common/plus-8.png"; sourceTree = SOURCE_ROOT; };
		F4E83C5C0B8EB2D400217FDB /* ZKRecordTypeInfo.h */ = {isa = PBXFileReference; fileEncoding = 30; lastKnownFileType = sourcecode.c.h; name = ZKRecordTypeInfo.h; path = ../sforce/ZKRecordTypeInfo.h; sourceTree = SOURCE_ROOT; };
		F4E83C5D0B8EB2D400217FDB /* ZKRecordTypeInfo.m */ = {isa = PBXFileReference; fileEncoding = 30; lastKnownFileType = sourcecode.c.objc; name = ZKRecordTypeInfo.m; path = ../sforce/ZKRecordTypeInfo.m; sourceTree = SOURCE_ROOT; };
		F4F59F7C0B642E7200907935 /* ZKPicklistEntry.h */ = {isa = PBXFileReference; fileEncoding = 30; lastKnownFileType = sourcecode.c.h; name = ZKPicklistEntry.h; path = ../sforce/ZKPicklistEntry.h; sourceTree = SOURCE_ROOT; };
		F4F59F7D0B642E7200907935 /* ZKPicklistEntry.m */ = {isa = PBXFileReference; fileEncoding = 30; lastKnownFileType = sourcecode.c.objc; name = ZKPicklistEntry.m; path = ../sforce/ZKPicklistEntry.m; sourceTree = SOURCE_ROOT; };
		F4F87CFA0B4E1FDF006F6B63 /* WelcomeController.h */ = {isa = PBXFileReference; fileEncoding = 30; lastKnownFileType = sourcecode.c.h; path = WelcomeController.h; sourceTree = "<group>"; };
		F4F87CFB0B4E1FDF006F6B63 /* WelcomeController.m */ = {isa = PBXFileReference; fileEncoding = 30; lastKnownFileType = sourcecode.c.objc; path = WelcomeController.m; sourceTree = "<group>"; };
		F4F87D180B4E24F2006F6B63 /* mail scripts */ = {isa = PBXFileReference; lastKnownFileType = folder; path = "mail scripts"; sourceTree = "<group>"; };
		F4F8F1610C4AF3DA00116C66 /* zkBaseClient.h */ = {isa = PBXFileReference; fileEncoding = 30; lastKnownFileType = sourcecode.c.h; name = zkBaseClient.h; path = ../sforce/zkBaseClient.h; sourceTree = SOURCE_ROOT; };
		F4F8F1620C4AF3DA00116C66 /* zkBaseClient.m */ = {isa = PBXFileReference; fileEncoding = 30; lastKnownFileType = sourcecode.c.objc; name = zkBaseClient.m; path = ../sforce/zkBaseClient.m; sourceTree = SOURCE_ROOT; };
		F4F8F1630C4AF3DA00116C66 /* ZKPartnerEnvelope.h */ = {isa = PBXFileReference; fileEncoding = 30; lastKnownFileType = sourcecode.c.h; name = ZKPartnerEnvelope.h; path = ../sforce/ZKPartnerEnvelope.h; sourceTree = SOURCE_ROOT; };
		F4F8F1640C4AF3DA00116C66 /* ZKPartnerEnvelope.m */ = {isa = PBXFileReference; fileEncoding = 30; lastKnownFileType = sourcecode.c.objc; name = ZKPartnerEnvelope.m; path = ../sforce/ZKPartnerEnvelope.m; sourceTree = SOURCE_ROOT; };
/* End PBXFileReference section */

/* Begin PBXFrameworksBuildPhase section */
		8D11072E0486CEB800E47090 /* Frameworks */ = {
			isa = PBXFrameworksBuildPhase;
			buildActionMask = 2147483647;
			files = (
				8D11072F0486CEB800E47090 /* Cocoa.framework in Frameworks */,
				F4DBCB0D0B3DC4F000D94639 /* Security.framework in Frameworks */,
				F450990D0B51A969007D82E9 /* Sparkle.framework in Frameworks */,
			);
			runOnlyForDeploymentPostprocessing = 0;
		};
/* End PBXFrameworksBuildPhase section */

/* Begin PBXGroup section */
		080E96DDFE201D6D7F000001 /* Classes */ = {
			isa = PBXGroup;
			children = (
				F4BF64C60EE1FAD800F52263 /* addEmail */,
				F4BF64C50EE1FACF00F52263 /* appleScript objects */,
				F4BF64C40EE1FAC400F52263 /* extensions */,
				F41B85610B3CFF0800971C0B /* AppDelegate.h */,
				F41B85620B3CFF0800971C0B /* AppDelegate.m */,
				F4DBCAF50B3DC0C700D94639 /* LoginController.m */,
				F4DBCAF60B3DC0C700D94639 /* LoginController.h */,
				F4F87CFA0B4E1FDF006F6B63 /* WelcomeController.h */,
				F4F87CFB0B4E1FDF006F6B63 /* WelcomeController.m */,
				F45994370B54A50C00EE154D /* SObjectPermsWrapper.h */,
				F45994380B54A50D00EE154D /* SObjectPermsWrapper.m */,
				F46C83870EC6429800944C77 /* ButtonBarController.h */,
				F46C83880EC6429800944C77 /* ButtonBarController.m */,
				F46C83A80EC6777200944C77 /* Constants.h */,
				F46C83A90EC6777200944C77 /* Constants.m */,
			);
			name = Classes;
			sourceTree = "<group>";
		};
		1058C7A0FEA54F0111CA2CBB /* Linked Frameworks */ = {
			isa = PBXGroup;
			children = (
				F450990C0B51A969007D82E9 /* Sparkle.framework */,
				F4DBCB0C0B3DC4F000D94639 /* Security.framework */,
				1058C7A1FEA54F0111CA2CBB /* Cocoa.framework */,
			);
			name = "Linked Frameworks";
			sourceTree = "<group>";
		};
		1058C7A2FEA54F0111CA2CBB /* Other Frameworks */ = {
			isa = PBXGroup;
			children = (
				29B97324FDCFA39411CA2CEA /* AppKit.framework */,
				13E42FB307B3F0F600E4EEF1 /* CoreData.framework */,
				29B97325FDCFA39411CA2CEA /* Foundation.framework */,
			);
			name = "Other Frameworks";
			sourceTree = "<group>";
		};
		19C28FACFE9D520D11CA2CBB /* Products */ = {
			isa = PBXGroup;
			children = (
				8D1107320486CEB800E47090 /* Maildrop.app */,
			);
			name = Products;
			sourceTree = "<group>";
		};
		29B97314FDCFA39411CA2CEA /* maildrop */ = {
			isa = PBXGroup;
			children = (
				F4DBCB040B3DC2AB00D94639 /* common */,
				F4329C4A0B3DA4AD003AB463 /* sforce */,
				080E96DDFE201D6D7F000001 /* Classes */,
				29B97315FDCFA39411CA2CEA /* Other Sources */,
				29B97317FDCFA39411CA2CEA /* Resources */,
				29B97323FDCFA39411CA2CEA /* Frameworks */,
				19C28FACFE9D520D11CA2CBB /* Products */,
			);
			name = maildrop;
			sourceTree = "<group>";
		};
		29B97315FDCFA39411CA2CEA /* Other Sources */ = {
			isa = PBXGroup;
			children = (
				32CA4F630368D1EE00C91783 /* maildrop_Prefix.pch */,
				29B97316FDCFA39411CA2CEA /* main.m */,
			);
			name = "Other Sources";
			sourceTree = "<group>";
		};
		29B97317FDCFA39411CA2CEA /* Resources */ = {
			isa = PBXGroup;
			children = (
				F46C83D90EC77A1200944C77 /* maildrop32.png */,
				F46C83C20EC683BE00944C77 /* entourage.png */,
				F46C83C30EC683BE00944C77 /* mail_icon.png */,
				F46C838B0EC64E3C00944C77 /* cases32.png */,
				F46C838C0EC64E3C00944C77 /* mail32.png */,
				F4E83C3A0B8EAE5E00217FDB /* Login.nib */,
				F4E83C3B0B8EAE5E00217FDB /* minus-8.png */,
				F4E83C3C0B8EAE5E00217FDB /* plus-8.png */,
				F44421DF0B5351A0002AB629 /* maildropGrowl.scpt */,
				F47BD7040B4E3F3D00E15CEE /* entourage scripts */,
				F4F87D180B4E24F2006F6B63 /* mail scripts */,
				F49D96F60B498F21005BF9E0 /* Maildrop help */,
				F4DBCB5F0B3E3A2600D94639 /* maildrop.icns */,
				F41B855F0B3CFE6400971C0B /* maildrop.sdef */,
				8D1107310486CEB800E47090 /* Info.plist */,
				089C165CFE840E0CC02AAC07 /* InfoPlist.strings */,
				29B97318FDCFA39411CA2CEA /* MainMenu.nib */,
				F4DBCB380B3E259400D94639 /* Credits.html */,
			);
			name = Resources;
			sourceTree = "<group>";
		};
		29B97323FDCFA39411CA2CEA /* Frameworks */ = {
			isa = PBXGroup;
			children = (
				1058C7A0FEA54F0111CA2CBB /* Linked Frameworks */,
				1058C7A2FEA54F0111CA2CBB /* Other Frameworks */,
			);
			name = Frameworks;
			sourceTree = "<group>";
		};
		F4329C4A0B3DA4AD003AB463 /* sforce */ = {
			isa = PBXGroup;
			children = (
				F4F8F1610C4AF3DA00116C66 /* zkBaseClient.h */,
				F4F8F1620C4AF3DA00116C66 /* zkBaseClient.m */,
				F4F8F1630C4AF3DA00116C66 /* ZKPartnerEnvelope.h */,
				F4F8F1640C4AF3DA00116C66 /* ZKPartnerEnvelope.m */,
				F4E83C5C0B8EB2D400217FDB /* ZKRecordTypeInfo.h */,
				F4E83C5D0B8EB2D400217FDB /* ZKRecordTypeInfo.m */,
				F4F59F7C0B642E7200907935 /* ZKPicklistEntry.h */,
				F4F59F7D0B642E7200907935 /* ZKPicklistEntry.m */,
				F4329C280B3DA4A9003AB463 /* zkChildRelationship.h */,
				F4329C290B3DA4A9003AB463 /* zkChildRelationship.m */,
				F4329C2A0B3DA4A9003AB463 /* zkDescribeField.h */,
				F4329C2B0B3DA4A9003AB463 /* zkDescribeField.m */,
				F4BEB52010BE4071004295EC /* zkDescribeGlobalSObject.h */,
				F4BEB52110BE4071004295EC /* zkDescribeGlobalSObject.m */,
				F4329C2C0B3DA4A9003AB463 /* zkDescribeSObject.h */,
				F4329C2D0B3DA4A9003AB463 /* zkDescribeSObject.m */,
				F4329C2E0B3DA4A9003AB463 /* zkEnvelope.h */,
				F4329C2F0B3DA4A9003AB463 /* zkEnvelope.m */,
				F4329C300B3DA4A9003AB463 /* zkQueryResult.h */,
				F4329C310B3DA4A9003AB463 /* zkQueryResult.m */,
				F4329C320B3DA4A9003AB463 /* zkSaveResult.h */,
				F4329C330B3DA4A9003AB463 /* zkSaveResult.m */,
				F4329C340B3DA4A9003AB463 /* zkSforce.h */,
				F4329C350B3DA4A9003AB463 /* zkSforceClient.h */,
				F4329C360B3DA4A9003AB463 /* zkSforceClient.m */,
				F4329C370B3DA4A9003AB463 /* zkSoapException.h */,
				F4329C380B3DA4A9003AB463 /* zkSoapException.m */,
				F4329C390B3DA4A9003AB463 /* zkSObject.h */,
				F4329C3A0B3DA4A9003AB463 /* zkSObject.m */,
				F4329C3B0B3DA4A9003AB463 /* zkUserInfo.h */,
				F4329C3C0B3DA4A9003AB463 /* zkUserInfo.m */,
				F4329C3D0B3DA4A9003AB463 /* zkXmlDeserializer.h */,
				F4329C3E0B3DA4A9003AB463 /* zkXmlDeserializer.m */,
				F44BF837103D0E5300B114E3 /* zkLoginResult.m */,
				F44BF838103D0E5300B114E3 /* zkLoginResult.h */,
			);
			name = sforce;
			sourceTree = "<group>";
		};
		F4BF64C40EE1FAC400F52263 /* extensions */ = {
			isa = PBXGroup;
			children = (
				F4921CFA0EDFA52E00E95E03 /* NSData-Base64Extensions.h */,
				F4921CFB0EDFA52E00E95E03 /* NSData-Base64Extensions.m */,
				F49210740B44D0D500C5C9AB /* ZKDescribeSObject_additions.h */,
				F49210750B44D0D500C5C9AB /* ZKDescribeSObject_additions.m */,
			);
			name = extensions;
			sourceTree = "<group>";
		};
		F4BF64C50EE1FACF00F52263 /* appleScript objects */ = {
			isa = PBXGroup;
			children = (
				F4451EF00EDBC9DA00ABBC35 /* AsItem.h */,
				F4451EF10EDBC9DA00ABBC35 /* AsItem.m */,
				F41B85550B3CFB5200971C0B /* Email.h */,
				F41B85560B3CFB5200971C0B /* Email.m */,
				F4451E350EDBAE9700ABBC35 /* Attachment.h */,
				F4451E360EDBAE9700ABBC35 /* Attachment.m */,
			);
			name = "appleScript objects";
			sourceTree = "<group>";
		};
		F4BF64C60EE1FAD800F52263 /* addEmail */ = {
			isa = PBXGroup;
			children = (
				F41532EA0B4227FE00E36D7B /* CreateActivityController.h */,
				F41532EB0B4227FE00E36D7B /* CreateActivityController.m */,
				F49210670B44CED100C5C9AB /* WhatSearchDataSource.h */,
				F49210680B44CED100C5C9AB /* WhatSearchDataSource.m */,
				F4BF64B20EE1F3D600F52263 /* WhoWhat.h */,
				F4BF64B30EE1F3D600F52263 /* WhoWhat.m */,
			);
			name = addEmail;
			sourceTree = "<group>";
		};
		F4DBCB040B3DC2AB00D94639 /* common */ = {
			isa = PBXGroup;
			children = (
				F4E83C320B8EAE4600217FDB /* credential.h */,
				F4E83C330B8EAE4600217FDB /* credential.m */,
				F4E83C340B8EAE4600217FDB /* ZKLoginController.h */,
				F4E83C350B8EAE4600217FDB /* ZKLoginController.m */,
			);
			name = common;
			sourceTree = "<group>";
		};
/* End PBXGroup section */

/* Begin PBXNativeTarget section */
		8D1107260486CEB800E47090 /* maildrop */ = {
			isa = PBXNativeTarget;
			buildConfigurationList = C01FCF4A08A954540054247B /* Build configuration list for PBXNativeTarget "maildrop" */;
			buildPhases = (
				8D1107290486CEB800E47090 /* Resources */,
				8D11072C0486CEB800E47090 /* Sources */,
				8D11072E0486CEB800E47090 /* Frameworks */,
				F45099210B51A97C007D82E9 /* CopyFiles */,
			);
			buildRules = (
			);
			dependencies = (
			);
			name = maildrop;
			productInstallPath = "$(HOME)/Applications";
			productName = maildrop;
			productReference = 8D1107320486CEB800E47090 /* Maildrop.app */;
			productType = "com.apple.product-type.application";
		};
/* End PBXNativeTarget section */

/* Begin PBXProject section */
		29B97313FDCFA39411CA2CEA /* Project object */ = {
			isa = PBXProject;
			buildConfigurationList = C01FCF4E08A954540054247B /* Build configuration list for PBXProject "maildrop" */;
			compatibilityVersion = "Xcode 3.0";
			hasScannedForEncodings = 1;
			mainGroup = 29B97314FDCFA39411CA2CEA /* maildrop */;
			projectDirPath = "";
			projectRoot = "";
			targets = (
				8D1107260486CEB800E47090 /* maildrop */,
			);
		};
/* End PBXProject section */

/* Begin PBXResourcesBuildPhase section */
		8D1107290486CEB800E47090 /* Resources */ = {
			isa = PBXResourcesBuildPhase;
			buildActionMask = 2147483647;
			files = (
				F44421E00B5351A0002AB629 /* maildropGrowl.scpt in Resources */,
				8D11072A0486CEB800E47090 /* MainMenu.nib in Resources */,
				8D11072B0486CEB800E47090 /* InfoPlist.strings in Resources */,
				F41B85600B3CFE6400971C0B /* maildrop.sdef in Resources */,
				F4DBCB390B3E259400D94639 /* Credits.html in Resources */,
				F4DBCB600B3E3A2600D94639 /* maildrop.icns in Resources */,
				F49D970E0B498F21005BF9E0 /* Maildrop help in Resources */,
				F4F87D1C0B4E24F2006F6B63 /* mail scripts in Resources */,
				F47BD7080B4E3F3D00E15CEE /* entourage scripts in Resources */,
				F4E83C3D0B8EAE5E00217FDB /* Login.nib in Resources */,
				F4E83C3E0B8EAE5E00217FDB /* minus-8.png in Resources */,
				F4E83C3F0B8EAE5E00217FDB /* plus-8.png in Resources */,
				F46C838D0EC64E3C00944C77 /* cases32.png in Resources */,
				F46C838E0EC64E3C00944C77 /* mail32.png in Resources */,
				F46C83C40EC683BE00944C77 /* entourage.png in Resources */,
				F46C83C50EC683BE00944C77 /* mail_icon.png in Resources */,
				F46C83DA0EC77A1200944C77 /* maildrop32.png in Resources */,
			);
			runOnlyForDeploymentPostprocessing = 0;
		};
/* End PBXResourcesBuildPhase section */

/* Begin PBXSourcesBuildPhase section */
		8D11072C0486CEB800E47090 /* Sources */ = {
			isa = PBXSourcesBuildPhase;
			buildActionMask = 2147483647;
			files = (
				8D11072D0486CEB800E47090 /* main.m in Sources */,
				F41B85570B3CFB5200971C0B /* Email.m in Sources */,
				F41B85630B3CFF0800971C0B /* AppDelegate.m in Sources */,
				F4329C3F0B3DA4A9003AB463 /* zkChildRelationship.m in Sources */,
				F4329C400B3DA4A9003AB463 /* zkDescribeField.m in Sources */,
				F4329C410B3DA4A9003AB463 /* zkDescribeSObject.m in Sources */,
				F4329C420B3DA4A9003AB463 /* zkEnvelope.m in Sources */,
				F4329C430B3DA4A9003AB463 /* zkQueryResult.m in Sources */,
				F4329C440B3DA4A9003AB463 /* zkSaveResult.m in Sources */,
				F4329C450B3DA4A9003AB463 /* zkSforceClient.m in Sources */,
				F4329C460B3DA4A9003AB463 /* zkSoapException.m in Sources */,
				F4329C470B3DA4A9003AB463 /* zkSObject.m in Sources */,
				F4329C480B3DA4A9003AB463 /* zkUserInfo.m in Sources */,
				F4329C490B3DA4A9003AB463 /* zkXmlDeserializer.m in Sources */,
				F4DBCAF70B3DC0C700D94639 /* LoginController.m in Sources */,
				F41532EC0B4227FE00E36D7B /* CreateActivityController.m in Sources */,
				F49210690B44CED100C5C9AB /* WhatSearchDataSource.m in Sources */,
				F49210760B44D0D500C5C9AB /* ZKDescribeSObject_additions.m in Sources */,
				F4F87CFC0B4E1FDF006F6B63 /* WelcomeController.m in Sources */,
				F459943A0B54A50D00EE154D /* SObjectPermsWrapper.m in Sources */,
				F4F59F7F0B642E7200907935 /* ZKPicklistEntry.m in Sources */,
				F4E83C370B8EAE4700217FDB /* credential.m in Sources */,
				F4E83C390B8EAE4700217FDB /* ZKLoginController.m in Sources */,
				F4E83C5F0B8EB2D400217FDB /* ZKRecordTypeInfo.m in Sources */,
				F4F8F1660C4AF3DA00116C66 /* zkBaseClient.m in Sources */,
				F4F8F1680C4AF3DA00116C66 /* ZKPartnerEnvelope.m in Sources */,
				F46C83890EC6429800944C77 /* ButtonBarController.m in Sources */,
				F46C83AA0EC6777200944C77 /* Constants.m in Sources */,
				F4451E370EDBAE9700ABBC35 /* Attachment.m in Sources */,
				F4451EF20EDBC9DA00ABBC35 /* AsItem.m in Sources */,
				F4921CFC0EDFA52E00E95E03 /* NSData-Base64Extensions.m in Sources */,
				F4BF64B40EE1F3D600F52263 /* WhoWhat.m in Sources */,
				F44BF839103D0E5300B114E3 /* zkLoginResult.m in Sources */,
				F4BEB52210BE4071004295EC /* zkDescribeGlobalSObject.m in Sources */,
			);
			runOnlyForDeploymentPostprocessing = 0;
		};
/* End PBXSourcesBuildPhase section */

/* Begin PBXVariantGroup section */
		089C165CFE840E0CC02AAC07 /* InfoPlist.strings */ = {
			isa = PBXVariantGroup;
			children = (
				089C165DFE840E0CC02AAC07 /* English */,
			);
			name = InfoPlist.strings;
			sourceTree = "<group>";
		};
		29B97318FDCFA39411CA2CEA /* MainMenu.nib */ = {
			isa = PBXVariantGroup;
			children = (
				29B97319FDCFA39411CA2CEA /* English */,
			);
			name = MainMenu.nib;
			sourceTree = "<group>";
		};
		F49D96F60B498F21005BF9E0 /* Maildrop help */ = {
			isa = PBXVariantGroup;
			children = (
				F49D96F70B498F21005BF9E0 /* English */,
			);
			name = "Maildrop help";
			sourceTree = "<group>";
		};
/* End PBXVariantGroup section */

/* Begin XCBuildConfiguration section */
		C01FCF4B08A954540054247B /* Debug */ = {
			isa = XCBuildConfiguration;
			buildSettings = {
				COPYING_PRESERVES_HFS_DATA = YES;
				COPY_PHASE_STRIP = NO;
				FRAMEWORK_SEARCH_PATHS = (
					"$(inherited)",
					"$(FRAMEWORK_SEARCH_PATHS_QUOTED_1)",
				);
				FRAMEWORK_SEARCH_PATHS_QUOTED_1 = "\"$(SRCROOT)\"";
				GCC_DYNAMIC_NO_PIC = NO;
				GCC_ENABLE_FIX_AND_CONTINUE = YES;
				GCC_MODEL_TUNING = G5;
				GCC_OPTIMIZATION_LEVEL = 0;
				INFOPLIST_FILE = Info.plist;
				INSTALL_PATH = "$(HOME)/Applications";
				LIBRARY_SEARCH_PATHS = (
					"$(inherited)",
					"\"$(DEVELOPER_DIR)/SDKs/MacOSX10.4u.sdk/usr/lib\"",
				);
				OTHER_LDFLAGS = "-lcrypto";
				PRODUCT_NAME = Maildrop;
				WRAPPER_EXTENSION = app;
				ZERO_LINK = YES;
			};
			name = Debug;
		};
		C01FCF4C08A954540054247B /* Release */ = {
			isa = XCBuildConfiguration;
			buildSettings = {
				ARCHS = (
					ppc,
					i386,
				);
				COPYING_PRESERVES_HFS_DATA = YES;
				FRAMEWORK_SEARCH_PATHS = (
					"$(inherited)",
					"$(FRAMEWORK_SEARCH_PATHS_QUOTED_1)",
				);
				FRAMEWORK_SEARCH_PATHS_QUOTED_1 = "\"$(SRCROOT)\"";
				GCC_GENERATE_DEBUGGING_SYMBOLS = NO;
				GCC_MODEL_TUNING = G5;
				INFOPLIST_FILE = Info.plist;
				INSTALL_PATH = "$(HOME)/Applications";
				LIBRARY_SEARCH_PATHS = (
					"$(inherited)",
					"\"$(DEVELOPER_DIR)/SDKs/MacOSX10.4u.sdk/usr/lib\"",
				);
				OTHER_LDFLAGS = "-lcrypto";
				PRODUCT_NAME = Maildrop;
				WRAPPER_EXTENSION = app;
			};
			name = Release;
		};
		C01FCF4F08A954540054247B /* Debug */ = {
			isa = XCBuildConfiguration;
			buildSettings = {
				COPYING_PRESERVES_HFS_DATA = YES;
				GCC_C_LANGUAGE_STANDARD = c99;
				GCC_ENABLE_OBJC_EXCEPTIONS = YES;
				GCC_WARN_ABOUT_RETURN_TYPE = YES;
				GCC_WARN_UNUSED_VARIABLE = YES;
				PREBINDING = NO;
				SDKROOT = "$(DEVELOPER_SDK_DIR)/MacOSX10.5.sdk";
			};
			name = Debug;
		};
		C01FCF5008A954540054247B /* Release */ = {
			isa = XCBuildConfiguration;
			buildSettings = {
				COPYING_PRESERVES_HFS_DATA = YES;
				GCC_ENABLE_OBJC_EXCEPTIONS = YES;
				GCC_WARN_ABOUT_RETURN_TYPE = YES;
				GCC_WARN_UNUSED_VARIABLE = YES;
				PREBINDING = NO;
				SDKROOT = "$(DEVELOPER_SDK_DIR)/MacOSX10.5.sdk";
			};
			name = Release;
		};
/* End XCBuildConfiguration section */

/* Begin XCConfigurationList section */
		C01FCF4A08A954540054247B /* Build configuration list for PBXNativeTarget "maildrop" */ = {
			isa = XCConfigurationList;
			buildConfigurations = (
				C01FCF4B08A954540054247B /* Debug */,
				C01FCF4C08A954540054247B /* Release */,
			);
			defaultConfigurationIsVisible = 0;
			defaultConfigurationName = Release;
		};
		C01FCF4E08A954540054247B /* Build configuration list for PBXProject "maildrop" */ = {
			isa = XCConfigurationList;
			buildConfigurations = (
				C01FCF4F08A954540054247B /* Debug */,
				C01FCF5008A954540054247B /* Release */,
			);
			defaultConfigurationIsVisible = 0;
			defaultConfigurationName = Release;
		};
/* End XCConfigurationList section */
	};
	rootObject = 29B97313FDCFA39411CA2CEA /* Project object */;
}
